{
  "version": 4,
  "terraform_version": "1.8.3",
  "serial": 19,
  "lineage": "3a2e4c1a-3562-4488-87fc-3aa27f77dc76",
  "outputs": {
    "instance_info": {
      "value": {
        "oci-A1-f_0": {
          "ip": "82.70.229.129",
          "ocid": "ocid1.instance.oc1.eu-marseille-1.anwxeljruadvczacj7dfxl7uifar574je7fzlvtdjp4ghljdwuwdemsdbiva",
          "role": "Consolidated Apps Server (oci-apps) — 4 OCPUs / 24GB / 100GB"
        },
        "oci-A1-p_0": {
          "ip": "79.72.28.10",
          "ocid": "FILL_FROM_OCI_CONSOLE",
          "role": "Flex Server 2 (oci-apps-2)"
        },
        "oci-E2-f_0": {
          "ip": "130.110.251.193",
          "ocid": "ocid1.instance.oc1.eu-marseille-1.anwxeljruadvczacbwylmkqr253ay7binepapgsyopllfayovkzaky6oigbq",
          "role": "Mail Server (oci-mail)"
        },
        "oci-E2-f_1": {
          "ip": "129.151.228.66",
          "ocid": "ocid1.instance.oc1.eu-marseille-1.anwxeljruadvczacgwg5rkrjyomuxvjtvtuk5xrbmy7hmslwn4pse4kw5jkq",
          "role": "Analytics (oci-analytics)"
        }
      },
      "type": [
        "object",
        {
          "oci-A1-f_0": [
            "object",
            {
              "ip": "string",
              "ocid": "string",
              "role": "string"
            }
          ],
          "oci-A1-p_0": [
            "object",
            {
              "ip": "string",
              "ocid": "string",
              "role": "string"
            }
          ],
          "oci-E2-f_0": [
            "object",
            {
              "ip": "string",
              "ocid": "string",
              "role": "string"
            }
          ],
          "oci-E2-f_1": [
            "object",
            {
              "ip": "string",
              "ocid": "string",
              "role": "string"
            }
          ]
        }
      ]
    },
    "security_lists": {
      "value": {
        "analytics_server": "ocid1.securitylist.oc1.eu-marseille-1.aaaaaaaa6gb4v2cqhjt6edennv6chuqyeerre2uwdhiog3bo5ty3qaca4rpa",
        "apps_server": "ocid1.securitylist.oc1.eu-marseille-1.aaaaaaaa4jwy7mm4zyrkexpu3p42sq3exqnxy526mq6qef6lnmlbf7duzoka",
        "dev_server": "ocid1.securitylist.oc1.eu-marseille-1.aaaaaaaaookeeuoxebyat4fv5yfathsross3yhvvwraczimjarjs3r4a6kpa",
        "flex2_server": "ocid1.securitylist.oc1.eu-marseille-1.aaaaaaaallmlaqwxx5ljupys3d22cilw3qxpilgmuceamoym3hz4kicvlxkq",
        "mail_server": "ocid1.securitylist.oc1.eu-marseille-1.aaaaaaaawccq6vqme4da6l63a54esbcanaad5lioocrboldtcukotl5dxtna"
      },
      "type": [
        "object",
        {
          "analytics_server": "string",
          "apps_server": "string",
          "dev_server": "string",
          "flex2_server": "string",
          "mail_server": "string"
        }
      ]
    },
    "vcn_id": {
      "value": "ocid1.vcn.oc1.eu-marseille-1.amaaaaaauadvczaawzoczwzrbomj2u56xjkt6kalrylau2u5tdreqqskj6ia",
      "type": "string"
    }
  },
  "resources": [
    {
      "mode": "managed",
      "type": "oci_budget_budget",
      "name": "tenancy_budget",
      "provider": "provider[\"registry.terraform.io/oracle/oci\"]",
      "instances": [
        {
          "schema_version": 0,
          "attributes": {
            "actual_spend": 8.856600761413574,
            "alert_rule_count": 3,
            "amount": 30,
            "budget_processing_period_start_offset": 1,
            "compartment_id": "ocid1.tenancy.oc1..aaaaaaaate22jsouuzgaw65ucwvufcj3lzjxw4ithwcz3cxw6iom6ys2ldsq",
            "defined_tags": {
              "Oracle-Tags.CreatedBy": "default/diegonmarcos@gmail.com",
              "Oracle-Tags.CreatedOn": "2026-02-27T15:46:38.028Z"
            },
            "description": "Alert if OCI spend exceeds free tier expectations",
            "display_name": "OCI-Free-Tier-30EUR",
            "end_date": null,
            "forecasted_spend": 54.869998931884766,
            "freeform_tags": {},
            "id": "ocid1.budget.oc1.eu-marseille-1.amaaaaaauadvczaaufmg3asko2jw26tfsu4gbwfrws6msrt2x7rkuqq7revq",
            "processing_period_type": "MONTH",
            "reset_period": "MONTHLY",
            "start_date": null,
            "state": "ACTIVE",
            "target_compartment_id": "ocid1.tenancy.oc1..aaaaaaaate22jsouuzgaw65ucwvufcj3lzjxw4ithwcz3cxw6iom6ys2ldsq",
            "target_type": "COMPARTMENT",
            "targets": [
              "ocid1.tenancy.oc1..aaaaaaaate22jsouuzgaw65ucwvufcj3lzjxw4ithwcz3cxw6iom6ys2ldsq"
            ],
            "time_created": "2026-02-27 15:46:38.092 +0000 UTC",
            "time_spend_computed": "2026-03-05 13:53:52.088 +0000 UTC",
            "time_updated": "2026-03-05 14:54:18.241 +0000 UTC",
            "timeouts": null,
            "version": 2
          },
          "sensitive_attributes": [],
          "private": "eyJlMmJmYjczMC1lY2FhLTExZTYtOGY4OC0zNDM2M2JjN2M0YzAiOnsiY3JlYXRlIjoxMjAwMDAwMDAwMDAwLCJkZWxldGUiOjEyMDAwMDAwMDAwMDAsInVwZGF0ZSI6MTIwMDAwMDAwMDAwMH0sInNjaGVtYV92ZXJzaW9uIjoiMCJ9"
        }
      ]
    },
    {
      "mode": "managed",
      "type": "oci_core_internet_gateway",
      "name": "main",
      "provider": "provider[\"registry.terraform.io/oracle/oci\"]",
      "instances": [
        {
          "schema_version": 0,
          "attributes": {
            "compartment_id": "ocid1.tenancy.oc1..aaaaaaaate22jsouuzgaw65ucwvufcj3lzjxw4ithwcz3cxw6iom6ys2ldsq",
            "defined_tags": {
              "Oracle-Tags.CreatedBy": "default/diegonmarcos@gmail.com",
              "Oracle-Tags.CreatedOn": "2026-03-04T15:53:08.097Z"
            },
            "display_name": "main-igw",
            "enabled": true,
            "freeform_tags": {},
            "id": "ocid1.internetgateway.oc1.eu-marseille-1.aaaaaaaaahra5wcczotonx4vsh3rrdah7ixaa6xmgg3eiemtvoxqwgi4fbqa",
            "route_table_id": null,
            "state": "AVAILABLE",
            "time_created": "2026-03-04 15:53:08.127 +0000 UTC",
            "timeouts": null,
            "vcn_id": "ocid1.vcn.oc1.eu-marseille-1.amaaaaaauadvczaawzoczwzrbomj2u56xjkt6kalrylau2u5tdreqqskj6ia"
          },
          "sensitive_attributes": [],
          "private": "eyJlMmJmYjczMC1lY2FhLTExZTYtOGY4OC0zNDM2M2JjN2M0YzAiOnsiY3JlYXRlIjoxMjAwMDAwMDAwMDAwLCJkZWxldGUiOjEyMDAwMDAwMDAwMDAsInVwZGF0ZSI6MTIwMDAwMDAwMDAwMH19",
          "dependencies": [
            "oci_core_vcn.main"
          ]
        }
      ]
    },
    {
      "mode": "managed",
      "type": "oci_core_route_table",
      "name": "main",
      "provider": "provider[\"registry.terraform.io/oracle/oci\"]",
      "instances": [
        {
          "schema_version": 0,
          "attributes": {
            "compartment_id": "ocid1.tenancy.oc1..aaaaaaaate22jsouuzgaw65ucwvufcj3lzjxw4ithwcz3cxw6iom6ys2ldsq",
            "defined_tags": {
              "Oracle-Tags.CreatedBy": "default/diegonmarcos@gmail.com",
              "Oracle-Tags.CreatedOn": "2026-03-04T15:53:08.568Z"
            },
            "display_name": "main-rt",
            "freeform_tags": {},
            "id": "ocid1.routetable.oc1.eu-marseille-1.aaaaaaaazjo6hupdhwgeygm6b6usfqcjguptoad2t6h6rjyyfnzdagnr4v2a",
            "route_rules": [
              {
                "cidr_block": "",
                "description": "",
                "destination": "0.0.0.0/0",
                "destination_type": "CIDR_BLOCK",
                "network_entity_id": "ocid1.internetgateway.oc1.eu-marseille-1.aaaaaaaaahra5wcczotonx4vsh3rrdah7ixaa6xmgg3eiemtvoxqwgi4fbqa",
                "route_type": ""
              }
            ],
            "state": "AVAILABLE",
            "time_created": "2026-03-04 15:53:08.587 +0000 UTC",
            "timeouts": null,
            "vcn_id": "ocid1.vcn.oc1.eu-marseille-1.amaaaaaauadvczaawzoczwzrbomj2u56xjkt6kalrylau2u5tdreqqskj6ia"
          },
          "sensitive_attributes": [],
          "private": "eyJlMmJmYjczMC1lY2FhLTExZTYtOGY4OC0zNDM2M2JjN2M0YzAiOnsiY3JlYXRlIjoxMjAwMDAwMDAwMDAwLCJkZWxldGUiOjEyMDAwMDAwMDAwMDAsInVwZGF0ZSI6MTIwMDAwMDAwMDAwMH19",
          "dependencies": [
            "oci_core_internet_gateway.main",
            "oci_core_vcn.main"
          ]
        }
      ]
    },
    {
      "mode": "managed",
      "type": "oci_core_security_list",
      "name": "analytics_server",
      "provider": "provider[\"registry.terraform.io/oracle/oci\"]",
      "instances": [
        {
          "schema_version": 0,
          "attributes": {
            "compartment_id": "ocid1.tenancy.oc1..aaaaaaaate22jsouuzgaw65ucwvufcj3lzjxw4ithwcz3cxw6iom6ys2ldsq",
            "defined_tags": {
              "Oracle-Tags.CreatedBy": "default/diegonmarcos@gmail.com",
              "Oracle-Tags.CreatedOn": "2026-03-04T15:53:08.375Z"
            },
            "display_name": "analytics-server-security-list",
            "egress_security_rules": [
              {
                "description": "",
                "destination": "0.0.0.0/0",
                "destination_type": "CIDR_BLOCK",
                "icmp_options": [],
                "protocol": "all",
                "stateless": false,
                "tcp_options": [],
                "udp_options": []
              }
            ],
            "freeform_tags": {},
            "id": "ocid1.securitylist.oc1.eu-marseille-1.aaaaaaaa6gb4v2cqhjt6edennv6chuqyeerre2uwdhiog3bo5ty3qaca4rpa",
            "ingress_security_rules": [
              {
                "description": "",
                "icmp_options": [
                  {
                    "code": 4,
                    "type": 3
                  }
                ],
                "protocol": "1",
                "source": "0.0.0.0/0",
                "source_type": "CIDR_BLOCK",
                "stateless": false,
                "tcp_options": [],
                "udp_options": []
              },
              {
                "description": "",
                "icmp_options": [],
                "protocol": "17",
                "source": "0.0.0.0/0",
                "source_type": "CIDR_BLOCK",
                "stateless": false,
                "tcp_options": [],
                "udp_options": [
                  {
                    "max": 51820,
                    "min": 51820,
                    "source_port_range": []
                  }
                ]
              },
              {
                "description": "",
                "icmp_options": [],
                "protocol": "6",
                "source": "0.0.0.0/0",
                "source_type": "CIDR_BLOCK",
                "stateless": false,
                "tcp_options": [
                  {
                    "max": 22,
                    "min": 22,
                    "source_port_range": []
                  }
                ],
                "udp_options": []
              },
              {
                "description": "",
                "icmp_options": [],
                "protocol": "6",
                "source": "35.226.147.64/32",
                "source_type": "CIDR_BLOCK",
                "stateless": false,
                "tcp_options": [
                  {
                    "max": 443,
                    "min": 443,
                    "source_port_range": []
                  }
                ],
                "udp_options": []
              },
              {
                "description": "",
                "icmp_options": [],
                "protocol": "6",
                "source": "35.226.147.64/32",
                "source_type": "CIDR_BLOCK",
                "stateless": false,
                "tcp_options": [
                  {
                    "max": 8080,
                    "min": 8080,
                    "source_port_range": []
                  }
                ],
                "udp_options": []
              },
              {
                "description": "",
                "icmp_options": [],
                "protocol": "6",
                "source": "35.226.147.64/32",
                "source_type": "CIDR_BLOCK",
                "stateless": false,
                "tcp_options": [
                  {
                    "max": 80,
                    "min": 80,
                    "source_port_range": []
                  }
                ],
                "udp_options": []
              }
            ],
            "state": "AVAILABLE",
            "time_created": "2026-03-04 15:53:08.403 +0000 UTC",
            "timeouts": null,
            "vcn_id": "ocid1.vcn.oc1.eu-marseille-1.amaaaaaauadvczaawzoczwzrbomj2u56xjkt6kalrylau2u5tdreqqskj6ia"
          },
          "sensitive_attributes": [],
          "private": "eyJlMmJmYjczMC1lY2FhLTExZTYtOGY4OC0zNDM2M2JjN2M0YzAiOnsiY3JlYXRlIjoxMjAwMDAwMDAwMDAwLCJkZWxldGUiOjEyMDAwMDAwMDAwMDAsInVwZGF0ZSI6MTIwMDAwMDAwMDAwMH19",
          "dependencies": [
            "oci_core_vcn.main"
          ]
        }
      ]
    },
    {
      "mode": "managed",
      "type": "oci_core_security_list",
      "name": "apps_server",
      "provider": "provider[\"registry.terraform.io/oracle/oci\"]",
      "instances": [
        {
          "schema_version": 0,
          "attributes": {
            "compartment_id": "ocid1.tenancy.oc1..aaaaaaaate22jsouuzgaw65ucwvufcj3lzjxw4ithwcz3cxw6iom6ys2ldsq",
            "defined_tags": {
              "Oracle-Tags.CreatedBy": "default/diegonmarcos@gmail.com",
              "Oracle-Tags.CreatedOn": "2026-03-04T15:53:08.307Z"
            },
            "display_name": "apps-server-security-list",
            "egress_security_rules": [
              {
                "description": "",
                "destination": "0.0.0.0/0",
                "destination_type": "CIDR_BLOCK",
                "icmp_options": [],
                "protocol": "all",
                "stateless": false,
                "tcp_options": [],
                "udp_options": []
              }
            ],
            "freeform_tags": {},
            "id": "ocid1.securitylist.oc1.eu-marseille-1.aaaaaaaa4jwy7mm4zyrkexpu3p42sq3exqnxy526mq6qef6lnmlbf7duzoka",
            "ingress_security_rules": [
              {
                "description": "",
                "icmp_options": [
                  {
                    "code": 4,
                    "type": 3
                  }
                ],
                "protocol": "1",
                "source": "0.0.0.0/0",
                "source_type": "CIDR_BLOCK",
                "stateless": false,
                "tcp_options": [],
                "udp_options": []
              },
              {
                "description": "",
                "icmp_options": [],
                "protocol": "17",
                "source": "0.0.0.0/0",
                "source_type": "CIDR_BLOCK",
                "stateless": false,
                "tcp_options": [],
                "udp_options": [
                  {
                    "max": 21027,
                    "min": 21027,
                    "source_port_range": []
                  }
                ]
              },
              {
                "description": "",
                "icmp_options": [],
                "protocol": "17",
                "source": "0.0.0.0/0",
                "source_type": "CIDR_BLOCK",
                "stateless": false,
                "tcp_options": [],
                "udp_options": [
                  {
                    "max": 22000,
                    "min": 22000,
                    "source_port_range": []
                  }
                ]
              },
              {
                "description": "",
                "icmp_options": [],
                "protocol": "17",
                "source": "0.0.0.0/0",
                "source_type": "CIDR_BLOCK",
                "stateless": false,
                "tcp_options": [],
                "udp_options": [
                  {
                    "max": 51820,
                    "min": 51820,
                    "source_port_range": []
                  }
                ]
              },
              {
                "description": "",
                "icmp_options": [],
                "protocol": "6",
                "source": "0.0.0.0/0",
                "source_type": "CIDR_BLOCK",
                "stateless": false,
                "tcp_options": [
                  {
                    "max": 22000,
                    "min": 22000,
                    "source_port_range": []
                  }
                ],
                "udp_options": []
              },
              {
                "description": "",
                "icmp_options": [],
                "protocol": "6",
                "source": "0.0.0.0/0",
                "source_type": "CIDR_BLOCK",
                "stateless": false,
                "tcp_options": [
                  {
                    "max": 22,
                    "min": 22,
                    "source_port_range": []
                  }
                ],
                "udp_options": []
              },
              {
                "description": "",
                "icmp_options": [],
                "protocol": "6",
                "source": "35.226.147.64/32",
                "source_type": "CIDR_BLOCK",
                "stateless": false,
                "tcp_options": [
                  {
                    "max": 2342,
                    "min": 2342,
                    "source_port_range": []
                  }
                ],
                "udp_options": []
              },
              {
                "description": "",
                "icmp_options": [],
                "protocol": "6",
                "source": "35.226.147.64/32",
                "source_type": "CIDR_BLOCK",
                "stateless": false,
                "tcp_options": [
                  {
                    "max": 3010,
                    "min": 3010,
                    "source_port_range": []
                  }
                ],
                "udp_options": []
              },
              {
                "description": "",
                "icmp_options": [],
                "protocol": "6",
                "source": "35.226.147.64/32",
                "source_type": "CIDR_BLOCK",
                "stateless": false,
                "tcp_options": [
                  {
                    "max": 443,
                    "min": 443,
                    "source_port_range": []
                  }
                ],
                "udp_options": []
              },
              {
                "description": "",
                "icmp_options": [],
                "protocol": "6",
                "source": "35.226.147.64/32",
                "source_type": "CIDR_BLOCK",
                "stateless": false,
                "tcp_options": [
                  {
                    "max": 5232,
                    "min": 5232,
                    "source_port_range": []
                  }
                ],
                "udp_options": []
              },
              {
                "description": "",
                "icmp_options": [],
                "protocol": "6",
                "source": "35.226.147.64/32",
                "source_type": "CIDR_BLOCK",
                "stateless": false,
                "tcp_options": [
                  {
                    "max": 8080,
                    "min": 8080,
                    "source_port_range": []
                  }
                ],
                "udp_options": []
              },
              {
                "description": "",
                "icmp_options": [],
                "protocol": "6",
                "source": "35.226.147.64/32",
                "source_type": "CIDR_BLOCK",
                "stateless": false,
                "tcp_options": [
                  {
                    "max": 8085,
                    "min": 8085,
                    "source_port_range": []
                  }
                ],
                "udp_options": []
              },
              {
                "description": "",
                "icmp_options": [],
                "protocol": "6",
                "source": "35.226.147.64/32",
                "source_type": "CIDR_BLOCK",
                "stateless": false,
                "tcp_options": [
                  {
                    "max": 8443,
                    "min": 8443,
                    "source_port_range": []
                  }
                ],
                "udp_options": []
              }
            ],
            "state": "AVAILABLE",
            "time_created": "2026-03-04 15:53:08.382 +0000 UTC",
            "timeouts": null,
            "vcn_id": "ocid1.vcn.oc1.eu-marseille-1.amaaaaaauadvczaawzoczwzrbomj2u56xjkt6kalrylau2u5tdreqqskj6ia"
          },
          "sensitive_attributes": [],
          "private": "eyJlMmJmYjczMC1lY2FhLTExZTYtOGY4OC0zNDM2M2JjN2M0YzAiOnsiY3JlYXRlIjoxMjAwMDAwMDAwMDAwLCJkZWxldGUiOjEyMDAwMDAwMDAwMDAsInVwZGF0ZSI6MTIwMDAwMDAwMDAwMH19",
          "dependencies": [
            "oci_core_vcn.main"
          ]
        }
      ]
    },
    {
      "mode": "managed",
      "type": "oci_core_security_list",
      "name": "dev_server",
      "provider": "provider[\"registry.terraform.io/oracle/oci\"]",
      "instances": [
        {
          "schema_version": 0,
          "attributes": {
            "compartment_id": "ocid1.tenancy.oc1..aaaaaaaate22jsouuzgaw65ucwvufcj3lzjxw4ithwcz3cxw6iom6ys2ldsq",
            "defined_tags": {
              "Oracle-Tags.CreatedBy": "default/diegonmarcos@gmail.com",
              "Oracle-Tags.CreatedOn": "2026-03-04T15:53:08.332Z"
            },
            "display_name": "dev-server-security-list-DECOMMISSIONED",
            "egress_security_rules": [
              {
                "description": "",
                "destination": "0.0.0.0/0",
                "destination_type": "CIDR_BLOCK",
                "icmp_options": [],
                "protocol": "all",
                "stateless": false,
                "tcp_options": [],
                "udp_options": []
              }
            ],
            "freeform_tags": {},
            "id": "ocid1.securitylist.oc1.eu-marseille-1.aaaaaaaaookeeuoxebyat4fv5yfathsross3yhvvwraczimjarjs3r4a6kpa",
            "ingress_security_rules": [
              {
                "description": "",
                "icmp_options": [
                  {
                    "code": 4,
                    "type": 3
                  }
                ],
                "protocol": "1",
                "source": "0.0.0.0/0",
                "source_type": "CIDR_BLOCK",
                "stateless": false,
                "tcp_options": [],
                "udp_options": []
              },
              {
                "description": "",
                "icmp_options": [],
                "protocol": "6",
                "source": "0.0.0.0/0",
                "source_type": "CIDR_BLOCK",
                "stateless": false,
                "tcp_options": [
                  {
                    "max": 22,
                    "min": 22,
                    "source_port_range": []
                  }
                ],
                "udp_options": []
              }
            ],
            "state": "AVAILABLE",
            "time_created": "2026-03-04 15:53:08.368 +0000 UTC",
            "timeouts": null,
            "vcn_id": "ocid1.vcn.oc1.eu-marseille-1.amaaaaaauadvczaawzoczwzrbomj2u56xjkt6kalrylau2u5tdreqqskj6ia"
          },
          "sensitive_attributes": [],
          "private": "eyJlMmJmYjczMC1lY2FhLTExZTYtOGY4OC0zNDM2M2JjN2M0YzAiOnsiY3JlYXRlIjoxMjAwMDAwMDAwMDAwLCJkZWxldGUiOjEyMDAwMDAwMDAwMDAsInVwZGF0ZSI6MTIwMDAwMDAwMDAwMH19",
          "dependencies": [
            "oci_core_vcn.main"
          ]
        }
      ]
    },
    {
      "mode": "managed",
      "type": "oci_core_security_list",
      "name": "flex2_server",
      "provider": "provider[\"registry.terraform.io/oracle/oci\"]",
      "instances": [
        {
          "schema_version": 0,
          "attributes": {
            "compartment_id": "ocid1.tenancy.oc1..aaaaaaaate22jsouuzgaw65ucwvufcj3lzjxw4ithwcz3cxw6iom6ys2ldsq",
            "defined_tags": {
              "Oracle-Tags.CreatedBy": "default/diegonmarcos@gmail.com",
              "Oracle-Tags.CreatedOn": "2026-03-04T15:53:08.307Z"
            },
            "display_name": "flex2-server-security-list",
            "egress_security_rules": [
              {
                "description": "",
                "destination": "0.0.0.0/0",
                "destination_type": "CIDR_BLOCK",
                "icmp_options": [],
                "protocol": "all",
                "stateless": false,
                "tcp_options": [],
                "udp_options": []
              }
            ],
            "freeform_tags": {},
            "id": "ocid1.securitylist.oc1.eu-marseille-1.aaaaaaaallmlaqwxx5ljupys3d22cilw3qxpilgmuceamoym3hz4kicvlxkq",
            "ingress_security_rules": [
              {
                "description": "",
                "icmp_options": [
                  {
                    "code": 4,
                    "type": 3
                  }
                ],
                "protocol": "1",
                "source": "0.0.0.0/0",
                "source_type": "CIDR_BLOCK",
                "stateless": false,
                "tcp_options": [],
                "udp_options": []
              },
              {
                "description": "",
                "icmp_options": [],
                "protocol": "17",
                "source": "0.0.0.0/0",
                "source_type": "CIDR_BLOCK",
                "stateless": false,
                "tcp_options": [],
                "udp_options": [
                  {
                    "max": 51820,
                    "min": 51820,
                    "source_port_range": []
                  }
                ]
              },
              {
                "description": "",
                "icmp_options": [],
                "protocol": "6",
                "source": "0.0.0.0/0",
                "source_type": "CIDR_BLOCK",
                "stateless": false,
                "tcp_options": [
                  {
                    "max": 22,
                    "min": 22,
                    "source_port_range": []
                  }
                ],
                "udp_options": []
              }
            ],
            "state": "AVAILABLE",
            "time_created": "2026-03-04 15:53:08.322 +0000 UTC",
            "timeouts": null,
            "vcn_id": "ocid1.vcn.oc1.eu-marseille-1.amaaaaaauadvczaawzoczwzrbomj2u56xjkt6kalrylau2u5tdreqqskj6ia"
          },
          "sensitive_attributes": [],
          "private": "eyJlMmJmYjczMC1lY2FhLTExZTYtOGY4OC0zNDM2M2JjN2M0YzAiOnsiY3JlYXRlIjoxMjAwMDAwMDAwMDAwLCJkZWxldGUiOjEyMDAwMDAwMDAwMDAsInVwZGF0ZSI6MTIwMDAwMDAwMDAwMH19",
          "dependencies": [
            "oci_core_vcn.main"
          ]
        }
      ]
    },
    {
      "mode": "managed",
      "type": "oci_core_security_list",
      "name": "mail_server",
      "provider": "provider[\"registry.terraform.io/oracle/oci\"]",
      "instances": [
        {
          "schema_version": 0,
          "attributes": {
            "compartment_id": "ocid1.tenancy.oc1..aaaaaaaate22jsouuzgaw65ucwvufcj3lzjxw4ithwcz3cxw6iom6ys2ldsq",
            "defined_tags": {
              "Oracle-Tags.CreatedBy": "default/diegonmarcos@gmail.com",
              "Oracle-Tags.CreatedOn": "2026-03-04T15:53:08.339Z"
            },
            "display_name": "mail-server-security-list",
            "egress_security_rules": [
              {
                "description": "",
                "destination": "0.0.0.0/0",
                "destination_type": "CIDR_BLOCK",
                "icmp_options": [],
                "protocol": "all",
                "stateless": false,
                "tcp_options": [],
                "udp_options": []
              }
            ],
            "freeform_tags": {},
            "id": "ocid1.securitylist.oc1.eu-marseille-1.aaaaaaaawccq6vqme4da6l63a54esbcanaad5lioocrboldtcukotl5dxtna",
            "ingress_security_rules": [
              {
                "description": "",
                "icmp_options": [
                  {
                    "code": -1,
                    "type": 3
                  }
                ],
                "protocol": "1",
                "source": "10.0.0.0/16",
                "source_type": "CIDR_BLOCK",
                "stateless": false,
                "tcp_options": [],
                "udp_options": []
              },
              {
                "description": "",
                "icmp_options": [
                  {
                    "code": 4,
                    "type": 3
                  }
                ],
                "protocol": "1",
                "source": "0.0.0.0/0",
                "source_type": "CIDR_BLOCK",
                "stateless": false,
                "tcp_options": [],
                "udp_options": []
              },
              {
                "description": "",
                "icmp_options": [],
                "protocol": "17",
                "source": "0.0.0.0/0",
                "source_type": "CIDR_BLOCK",
                "stateless": false,
                "tcp_options": [],
                "udp_options": [
                  {
                    "max": 51820,
                    "min": 51820,
                    "source_port_range": []
                  }
                ]
              },
              {
                "description": "",
                "icmp_options": [],
                "protocol": "6",
                "source": "0.0.0.0/0",
                "source_type": "CIDR_BLOCK",
                "stateless": false,
                "tcp_options": [
                  {
                    "max": 22,
                    "min": 22,
                    "source_port_range": []
                  }
                ],
                "udp_options": []
              },
              {
                "description": "",
                "icmp_options": [],
                "protocol": "6",
                "source": "0.0.0.0/0",
                "source_type": "CIDR_BLOCK",
                "stateless": false,
                "tcp_options": [
                  {
                    "max": 25,
                    "min": 25,
                    "source_port_range": []
                  }
                ],
                "udp_options": []
              },
              {
                "description": "",
                "icmp_options": [],
                "protocol": "6",
                "source": "0.0.0.0/0",
                "source_type": "CIDR_BLOCK",
                "stateless": false,
                "tcp_options": [
                  {
                    "max": 465,
                    "min": 465,
                    "source_port_range": []
                  }
                ],
                "udp_options": []
              },
              {
                "description": "",
                "icmp_options": [],
                "protocol": "6",
                "source": "0.0.0.0/0",
                "source_type": "CIDR_BLOCK",
                "stateless": false,
                "tcp_options": [
                  {
                    "max": 587,
                    "min": 587,
                    "source_port_range": []
                  }
                ],
                "udp_options": []
              },
              {
                "description": "",
                "icmp_options": [],
                "protocol": "6",
                "source": "0.0.0.0/0",
                "source_type": "CIDR_BLOCK",
                "stateless": false,
                "tcp_options": [
                  {
                    "max": 8080,
                    "min": 8080,
                    "source_port_range": []
                  }
                ],
                "udp_options": []
              },
              {
                "description": "",
                "icmp_options": [],
                "protocol": "6",
                "source": "0.0.0.0/0",
                "source_type": "CIDR_BLOCK",
                "stateless": false,
                "tcp_options": [
                  {
                    "max": 993,
                    "min": 993,
                    "source_port_range": []
                  }
                ],
                "udp_options": []
              },
              {
                "description": "",
                "icmp_options": [],
                "protocol": "6",
                "source": "35.226.147.64/32",
                "source_type": "CIDR_BLOCK",
                "stateless": false,
                "tcp_options": [
                  {
                    "max": 443,
                    "min": 443,
                    "source_port_range": []
                  }
                ],
                "udp_options": []
              }
            ],
            "state": "AVAILABLE",
            "time_created": "2026-03-04 15:53:08.383 +0000 UTC",
            "timeouts": null,
            "vcn_id": "ocid1.vcn.oc1.eu-marseille-1.amaaaaaauadvczaawzoczwzrbomj2u56xjkt6kalrylau2u5tdreqqskj6ia"
          },
          "sensitive_attributes": [],
          "private": "eyJlMmJmYjczMC1lY2FhLTExZTYtOGY4OC0zNDM2M2JjN2M0YzAiOnsiY3JlYXRlIjoxMjAwMDAwMDAwMDAwLCJkZWxldGUiOjEyMDAwMDAwMDAwMDAsInVwZGF0ZSI6MTIwMDAwMDAwMDAwMH19",
          "dependencies": [
            "oci_core_vcn.main"
          ]
        }
      ]
    },
    {
      "mode": "managed",
      "type": "oci_core_vcn",
      "name": "main",
      "provider": "provider[\"registry.terraform.io/oracle/oci\"]",
      "instances": [
        {
          "schema_version": 0,
          "attributes": {
            "byoipv6cidr_blocks": [],
            "byoipv6cidr_details": [],
            "cidr_block": "10.0.0.0/16",
            "cidr_blocks": [
              "10.0.0.0/16"
            ],
            "compartment_id": "ocid1.tenancy.oc1..aaaaaaaate22jsouuzgaw65ucwvufcj3lzjxw4ithwcz3cxw6iom6ys2ldsq",
            "default_dhcp_options_id": "ocid1.dhcpoptions.oc1.eu-marseille-1.aaaaaaaandj3msnxcn75wowqfuxdeqyyk7hzjd6a5vojbyf66v4yfachsdsa",
            "default_route_table_id": "ocid1.routetable.oc1.eu-marseille-1.aaaaaaaacsswuvugmoqwyhcz2pq7lmkg2dnjuifvakn4zrdbwhsioxfknvia",
            "default_security_list_id": "ocid1.securitylist.oc1.eu-marseille-1.aaaaaaaaxls7rm4tq5eqmbl4l2udxlxjjgsh2zp5li5rhl6n6fo7tj6faxaa",
            "defined_tags": {
              "Oracle-Tags.CreatedBy": "default/diegonmarcos@gmail.com",
              "Oracle-Tags.CreatedOn": "2026-03-04T15:53:07.545Z"
            },
            "display_name": "main-vcn",
            "dns_label": "mainvcn",
            "freeform_tags": {},
            "id": "ocid1.vcn.oc1.eu-marseille-1.amaaaaaauadvczaawzoczwzrbomj2u56xjkt6kalrylau2u5tdreqqskj6ia",
            "ipv6cidr_blocks": [],
            "ipv6private_cidr_blocks": [],
            "is_ipv6enabled": false,
            "is_oracle_gua_allocation_enabled": null,
            "state": "AVAILABLE",
            "time_created": "2026-03-04 15:53:07.605 +0000 UTC",
            "timeouts": null,
            "vcn_domain_name": "mainvcn.oraclevcn.com"
          },
          "sensitive_attributes": [],
          "private": "eyJlMmJmYjczMC1lY2FhLTExZTYtOGY4OC0zNDM2M2JjN2M0YzAiOnsiY3JlYXRlIjoxMjAwMDAwMDAwMDAwLCJkZWxldGUiOjEyMDAwMDAwMDAwMDAsInVwZGF0ZSI6MTIwMDAwMDAwMDAwMH19"
        }
      ]
    },
    {
      "mode": "managed",
      "type": "oci_email_sender",
      "name": "me",
      "provider": "provider[\"registry.terraform.io/oracle/oci\"]",
      "instances": [
        {
          "schema_version": 0,
          "attributes": {
            "compartment_id": "ocid1.tenancy.oc1..aaaaaaaate22jsouuzgaw65ucwvufcj3lzjxw4ithwcz3cxw6iom6ys2ldsq",
            "defined_tags": {
              "Oracle-Tags.CreatedBy": "default/diegonmarcos@gmail.com",
              "Oracle-Tags.CreatedOn": "2026-03-05T15:17:12.989Z"
            },
            "email_address": "me@diegonmarcos.com",
            "email_domain_id": null,
            "freeform_tags": {},
            "id": "ocid1.emailsender.oc1.eu-marseille-1.amaaaaaauadvczaa7fmoc7j6epzbcnd2agkx5mqkaxejjv5mpbaukdeu4boa",
            "is_spf": true,
            "state": "ACTIVE",
            "system_tags": {},
            "time_created": "2026-03-05 15:17:13.086 +0000 UTC",
            "timeouts": null
          },
          "sensitive_attributes": [],
          "private": "eyJlMmJmYjczMC1lY2FhLTExZTYtOGY4OC0zNDM2M2JjN2M0YzAiOnsiY3JlYXRlIjoxMjAwMDAwMDAwMDAwLCJkZWxldGUiOjEyMDAwMDAwMDAwMDAsInVwZGF0ZSI6MTIwMDAwMDAwMDAwMH19"
        }
      ]
    },
    {
      "mode": "managed",
      "type": "oci_email_sender",
      "name": "no_reply",
      "provider": "provider[\"registry.terraform.io/oracle/oci\"]",
      "instances": [
        {
          "schema_version": 0,
          "attributes": {
            "compartment_id": "ocid1.tenancy.oc1..aaaaaaaate22jsouuzgaw65ucwvufcj3lzjxw4ithwcz3cxw6iom6ys2ldsq",
            "defined_tags": {
              "Oracle-Tags.CreatedBy": "default/diegonmarcos@gmail.com",
              "Oracle-Tags.CreatedOn": "2026-03-05T15:17:12.997Z"
            },
            "email_address": "no-reply@diegonmarcos.com",
            "email_domain_id": null,
            "freeform_tags": {},
            "id": "ocid1.emailsender.oc1.eu-marseille-1.amaaaaaauadvczaayl7j5rt6mbh5c2bj6z32fs2p5zdbo4w3j5xaebkpzpbq",
            "is_spf": true,
            "state": "ACTIVE",
            "system_tags": {},
            "time_created": "2026-03-05 15:17:13.089 +0000 UTC",
            "timeouts": null
          },
          "sensitive_attributes": [],
          "private": "eyJlMmJmYjczMC1lY2FhLTExZTYtOGY4OC0zNDM2M2JjN2M0YzAiOnsiY3JlYXRlIjoxMjAwMDAwMDAwMDAwLCJkZWxldGUiOjEyMDAwMDAwMDAwMDAsInVwZGF0ZSI6MTIwMDAwMDAwMDAwMH19"
        }
      ]
    }
  ],
  "check_results": null
}
