{
  "version": 4,
  "terraform_version": "1.9.8",
  "serial": 17,
  "lineage": "",
  "outputs": {
    "buckets": {
      "value": {
        "cloud-backups-binaries-medias": "cloud-backups-binaries-medias",
        "cloud-backups-db": "cloud-backups-db",
        "cloud-backups-media": "cloud-backups-media",
        "cloud-backups-non-binaries": "cloud-backups-non-binaries",
        "my-photos": "my-photos"
      },
      "type": [
        "object",
        {
          "cloud-backups-binaries-medias": "string",
          "cloud-backups-db": "string",
          "cloud-backups-media": "string",
          "cloud-backups-non-binaries": "string",
          "my-photos": "string"
        }
      ]
    },
    "instances": {
      "value": {
        "oci-A1-f_0": {
          "id": "ocid1.instance.oc1.eu-marseille-1.anwxeljruadvczacj7dfxl7uifar574je7fzlvtdjp4ghljdwuwdemsdbiva",
          "ip": "82.70.229.129",
          "shape": "VM.Standard.A1.Flex"
        },
        "oci-E2-f_0": {
          "id": "ocid1.instance.oc1.eu-marseille-1.anwxeljruadvczacbwylmkqr253ay7binepapgsyopllfayovkzaky6oigbq",
          "ip": "130.110.251.193",
          "shape": "VM.Standard.E2.1.Micro"
        },
        "oci-E2-f_1": {
          "id": "ocid1.instance.oc1.eu-marseille-1.anwxeljruadvczacgwg5rkrjyomuxvjtvtuk5xrbmy7hmslwn4pse4kw5jkq",
          "ip": "129.151.228.66",
          "shape": "VM.Standard.E2.1.Micro"
        }
      },
      "type": [
        "object",
        {
          "oci-A1-f_0": [
            "object",
            {
              "id": "string",
              "ip": "string",
              "shape": "string"
            }
          ],
          "oci-E2-f_0": [
            "object",
            {
              "id": "string",
              "ip": "string",
              "shape": "string"
            }
          ],
          "oci-E2-f_1": [
            "object",
            {
              "id": "string",
              "ip": "string",
              "shape": "string"
            }
          ]
        }
      ]
    },
    "subnet_id": {
      "value": "ocid1.subnet.oc1.eu-marseille-1.aaaaaaaapz6g4htlyisp45zplqi47t3mms4noceyqebb5huhccrlt432ugeq",
      "type": "string"
    },
    "vcn_id": {
      "value": "ocid1.vcn.oc1.eu-marseille-1.amaaaaaauadvczaayaj5pwctlnw7uvxufo3iumrrjogoc52dcnozrojvivna",
      "type": "string"
    }
  },
  "resources": [
    {
      "mode": "managed",
      "type": "oci_budget_alert_rule",
      "name": "alerts",
      "provider": "provider[\"registry.terraform.io/oracle/oci\"]",
      "instances": [
        {
          "index_key": "50pct-spend-alert",
          "schema_version": 0,
          "attributes": {
            "budget_id": "ocid1.budget.oc1.eu-marseille-1.amaaaaaauadvczaahk3wenhiyffruiliejvkc5uvfgikdpoe7opikgitocta",
            "defined_tags": {
              "Oracle-Tags.CreatedBy": "default/diegonmarcos@gmail.com",
              "Oracle-Tags.CreatedOn": "2026-04-13T17:41:00.876Z"
            },
            "description": null,
            "display_name": "50pct-spend-alert",
            "freeform_tags": {},
            "id": "ocid1.alertrule.oc1.eu-marseille-1.amaaaaaauadvczaam6k7hbckup42jnfi6f4fx7ntqn27onmjrg63ujpd43ca",
            "message": null,
            "recipients": "",
            "state": "ACTIVE",
            "threshold": 50,
            "threshold_type": "PERCENTAGE",
            "time_created": "2026-04-13 17:41:01.689 +0000 UTC",
            "time_updated": "2026-04-13 17:41:01.689 +0000 UTC",
            "timeouts": null,
            "type": "ACTUAL",
            "version": 1
          },
          "sensitive_attributes": [],
          "private": "eyJlMmJmYjczMC1lY2FhLTExZTYtOGY4OC0zNDM2M2JjN2M0YzAiOnsiY3JlYXRlIjoxMjAwMDAwMDAwMDAwLCJkZWxldGUiOjEyMDAwMDAwMDAwMDAsInVwZGF0ZSI6MTIwMDAwMDAwMDAwMH0sInNjaGVtYV92ZXJzaW9uIjoiMCJ9"
        },
        {
          "index_key": "90pct-spend-alert",
          "schema_version": 0,
          "attributes": {
            "budget_id": "ocid1.budget.oc1.eu-marseille-1.amaaaaaauadvczaahk3wenhiyffruiliejvkc5uvfgikdpoe7opikgitocta",
            "defined_tags": {
              "Oracle-Tags.CreatedBy": "default/diegonmarcos@gmail.com",
              "Oracle-Tags.CreatedOn": "2026-04-13T17:41:00.876Z"
            },
            "description": null,
            "display_name": "90pct-spend-alert",
            "freeform_tags": {},
            "id": "ocid1.alertrule.oc1.eu-marseille-1.amaaaaaauadvczaag2fpnzkgnrxyg6gse4jhbw4dperqfpuzicgqfb5ss46q",
            "message": null,
            "recipients": "",
            "state": "ACTIVE",
            "threshold": 90,
            "threshold_type": "PERCENTAGE",
            "time_created": "2026-04-13 17:41:01.458 +0000 UTC",
            "time_updated": "2026-04-13 17:41:01.458 +0000 UTC",
            "timeouts": null,
            "type": "ACTUAL",
            "version": 1
          },
          "sensitive_attributes": [],
          "private": "eyJlMmJmYjczMC1lY2FhLTExZTYtOGY4OC0zNDM2M2JjN2M0YzAiOnsiY3JlYXRlIjoxMjAwMDAwMDAwMDAwLCJkZWxldGUiOjEyMDAwMDAwMDAwMDAsInVwZGF0ZSI6MTIwMDAwMDAwMDAwMH0sInNjaGVtYV92ZXJzaW9uIjoiMCJ9"
        }
      ]
    },
    {
      "mode": "managed",
      "type": "oci_budget_budget",
      "name": "main",
      "provider": "provider[\"registry.terraform.io/oracle/oci\"]",
      "instances": [
        {
          "schema_version": 0,
          "attributes": {
            "actual_spend": 5.189079284667969,
            "alert_rule_count": 3,
            "amount": 30,
            "budget_processing_period_start_offset": 1,
            "compartment_id": "ocid1.tenancy.oc1..aaaaaaaate22jsouuzgaw65ucwvufcj3lzjxw4ithwcz3cxw6iom6ys2ldsq",
            "defined_tags": {
              "Oracle-Tags.CreatedBy": "default/diegonmarcos@gmail.com",
              "Oracle-Tags.CreatedOn": "2026-04-13T17:41:00.876Z"
            },
            "description": "Alert if OCI spend exceeds free tier expectations",
            "display_name": "OCI-Free-Tier-30EUR",
            "end_date": null,
            "forecasted_spend": 9.300000190734863,
            "freeform_tags": {},
            "id": "ocid1.budget.oc1.eu-marseille-1.amaaaaaauadvczaahk3wenhiyffruiliejvkc5uvfgikdpoe7opikgitocta",
            "processing_period_type": "MONTH",
            "reset_period": "MONTHLY",
            "start_date": null,
            "state": "ACTIVE",
            "target_compartment_id": "ocid1.tenancy.oc1..aaaaaaaate22jsouuzgaw65ucwvufcj3lzjxw4ithwcz3cxw6iom6ys2ldsq",
            "target_type": "COMPARTMENT",
            "targets": [
              "ocid1.tenancy.oc1..aaaaaaaate22jsouuzgaw65ucwvufcj3lzjxw4ithwcz3cxw6iom6ys2ldsq"
            ],
            "time_created": "2026-04-13 17:41:00.949 +0000 UTC",
            "time_spend_computed": "2026-04-17 08:00:09.668 +0000 UTC",
            "time_updated": "2026-04-17 09:00:34.329 +0000 UTC",
            "timeouts": null,
            "version": 1
          },
          "sensitive_attributes": [],
          "private": "eyJlMmJmYjczMC1lY2FhLTExZTYtOGY4OC0zNDM2M2JjN2M0YzAiOnsiY3JlYXRlIjoxMjAwMDAwMDAwMDAwLCJkZWxldGUiOjEyMDAwMDAwMDAwMDAsInVwZGF0ZSI6MTIwMDAwMDAwMDAwMH0sInNjaGVtYV92ZXJzaW9uIjoiMCJ9"
        }
      ]
    },
    {
      "mode": "managed",
      "type": "oci_core_default_route_table",
      "name": "main",
      "provider": "provider[\"registry.terraform.io/oracle/oci\"]",
      "instances": [
        {
          "schema_version": 0,
          "attributes": {
            "compartment_id": "ocid1.tenancy.oc1..aaaaaaaate22jsouuzgaw65ucwvufcj3lzjxw4ithwcz3cxw6iom6ys2ldsq",
            "defined_tags": {
              "Oracle-Tags.CreatedBy": "default/diegonmarcos@gmail.com",
              "Oracle-Tags.CreatedOn": "2025-11-18T18:04:44.355Z"
            },
            "display_name": "Default Route Table for web-server-vcn",
            "freeform_tags": {},
            "id": "ocid1.routetable.oc1.eu-marseille-1.aaaaaaaaousfgs3ya74kb3wa2ly6o4s36x25igr6j3dcmg4dtslzggh4k37a",
            "manage_default_resource_id": "ocid1.routetable.oc1.eu-marseille-1.aaaaaaaaousfgs3ya74kb3wa2ly6o4s36x25igr6j3dcmg4dtslzggh4k37a",
            "route_rules": [
              {
                "cidr_block": "",
                "description": "",
                "destination": "0.0.0.0/0",
                "destination_type": "CIDR_BLOCK",
                "network_entity_id": "ocid1.internetgateway.oc1.eu-marseille-1.aaaaaaaafycgi5xcwzzghl2mfz5wutigunklobtajwkbq5l4sg4ayo2gx57q",
                "route_type": ""
              }
            ],
            "state": "AVAILABLE",
            "time_created": "2025-11-18 18:04:44.388 +0000 UTC",
            "timeouts": null
          },
          "sensitive_attributes": [],
          "private": "eyJlMmJmYjczMC1lY2FhLTExZTYtOGY4OC0zNDM2M2JjN2M0YzAiOnsiY3JlYXRlIjoxMjAwMDAwMDAwMDAwLCJkZWxldGUiOjEyMDAwMDAwMDAwMDAsInVwZGF0ZSI6MTIwMDAwMDAwMDAwMH0sInNjaGVtYV92ZXJzaW9uIjoiMCJ9"
        }
      ]
    },
    {
      "mode": "managed",
      "type": "oci_core_default_security_list",
      "name": "main",
      "provider": "provider[\"registry.terraform.io/oracle/oci\"]",
      "instances": [
        {
          "schema_version": 0,
          "attributes": {
            "compartment_id": "ocid1.tenancy.oc1..aaaaaaaate22jsouuzgaw65ucwvufcj3lzjxw4ithwcz3cxw6iom6ys2ldsq",
            "defined_tags": {
              "Oracle-Tags.CreatedBy": "default/diegonmarcos@gmail.com",
              "Oracle-Tags.CreatedOn": "2025-11-18T18:04:44.355Z"
            },
            "display_name": "Default Security List for web-server-vcn",
            "egress_security_rules": [
              {
                "description": "",
                "destination": "0.0.0.0/0",
                "destination_type": "CIDR_BLOCK",
                "icmp_options": [],
                "protocol": "all",
                "stateless": false,
                "tcp_options": [],
                "udp_options": []
              }
            ],
            "freeform_tags": {},
            "id": "ocid1.securitylist.oc1.eu-marseille-1.aaaaaaaapjyzyvoi3hodcgdtbvajvsubmobwknce4h3rxqitje7ocfht55jq",
            "ingress_security_rules": [
              {
                "description": "",
                "icmp_options": [],
                "protocol": "6",
                "source": "0.0.0.0/0",
                "source_type": "CIDR_BLOCK",
                "stateless": false,
                "tcp_options": [
                  {
                    "max": 22000,
                    "min": 22000,
                    "source_port_range": []
                  }
                ],
                "udp_options": []
              },
              {
                "description": "",
                "icmp_options": [],
                "protocol": "6",
                "source": "0.0.0.0/0",
                "source_type": "CIDR_BLOCK",
                "stateless": false,
                "tcp_options": [
                  {
                    "max": 22,
                    "min": 22,
                    "source_port_range": []
                  }
                ],
                "udp_options": []
              },
              {
                "description": "",
                "icmp_options": [],
                "protocol": "6",
                "source": "0.0.0.0/0",
                "source_type": "CIDR_BLOCK",
                "stateless": false,
                "tcp_options": [
                  {
                    "max": 443,
                    "min": 443,
                    "source_port_range": []
                  }
                ],
                "udp_options": []
              },
              {
                "description": "",
                "icmp_options": [],
                "protocol": "6",
                "source": "0.0.0.0/0",
                "source_type": "CIDR_BLOCK",
                "stateless": false,
                "tcp_options": [
                  {
                    "max": 5678,
                    "min": 5678,
                    "source_port_range": []
                  }
                ],
                "udp_options": []
              },
              {
                "description": "",
                "icmp_options": [],
                "protocol": "6",
                "source": "0.0.0.0/0",
                "source_type": "CIDR_BLOCK",
                "stateless": false,
                "tcp_options": [
                  {
                    "max": 8080,
                    "min": 8080,
                    "source_port_range": []
                  }
                ],
                "udp_options": []
              },
              {
                "description": "",
                "icmp_options": [],
                "protocol": "6",
                "source": "0.0.0.0/0",
                "source_type": "CIDR_BLOCK",
                "stateless": false,
                "tcp_options": [
                  {
                    "max": 80,
                    "min": 80,
                    "source_port_range": []
                  }
                ],
                "udp_options": []
              },
              {
                "description": "",
                "icmp_options": [],
                "protocol": "6",
                "source": "0.0.0.0/0",
                "source_type": "CIDR_BLOCK",
                "stateless": false,
                "tcp_options": [
                  {
                    "max": 81,
                    "min": 81,
                    "source_port_range": []
                  }
                ],
                "udp_options": []
              },
              {
                "description": "",
                "icmp_options": [],
                "protocol": "6",
                "source": "0.0.0.0/0",
                "source_type": "CIDR_BLOCK",
                "stateless": false,
                "tcp_options": [
                  {
                    "max": 8384,
                    "min": 8384,
                    "source_port_range": []
                  }
                ],
                "udp_options": []
              },
              {
                "description": "",
                "icmp_options": [],
                "protocol": "6",
                "source": "35.226.147.64/32",
                "source_type": "CIDR_BLOCK",
                "stateless": false,
                "tcp_options": [
                  {
                    "max": 5232,
                    "min": 5232,
                    "source_port_range": []
                  }
                ],
                "udp_options": []
              },
              {
                "description": "AFFiNE from NPM",
                "icmp_options": [],
                "protocol": "6",
                "source": "35.226.147.64/32",
                "source_type": "CIDR_BLOCK",
                "stateless": false,
                "tcp_options": [
                  {
                    "max": 3010,
                    "min": 3010,
                    "source_port_range": []
                  }
                ],
                "udp_options": []
              },
              {
                "description": "Code-Server from NPM",
                "icmp_options": [],
                "protocol": "6",
                "source": "35.226.147.64/32",
                "source_type": "CIDR_BLOCK",
                "stateless": false,
                "tcp_options": [
                  {
                    "max": 8443,
                    "min": 8443,
                    "source_port_range": []
                  }
                ],
                "udp_options": []
              },
              {
                "description": "Flask API",
                "icmp_options": [],
                "protocol": "6",
                "source": "0.0.0.0/0",
                "source_type": "CIDR_BLOCK",
                "stateless": false,
                "tcp_options": [
                  {
                    "max": 5000,
                    "min": 5000,
                    "source_port_range": []
                  }
                ],
                "udp_options": []
              },
              {
                "description": "IMAPS",
                "icmp_options": [],
                "protocol": "6",
                "source": "0.0.0.0/0",
                "source_type": "CIDR_BLOCK",
                "stateless": false,
                "tcp_options": [
                  {
                    "max": 993,
                    "min": 993,
                    "source_port_range": []
                  }
                ],
                "udp_options": []
              },
              {
                "description": "Matomo Analytics",
                "icmp_options": [],
                "protocol": "6",
                "source": "0.0.0.0/0",
                "source_type": "CIDR_BLOCK",
                "stateless": false,
                "tcp_options": [
                  {
                    "max": 8081,
                    "min": 8081,
                    "source_port_range": []
                  }
                ],
                "udp_options": []
              },
              {
                "description": "NocoDB from NPM",
                "icmp_options": [],
                "protocol": "6",
                "source": "35.226.147.64/32",
                "source_type": "CIDR_BLOCK",
                "stateless": false,
                "tcp_options": [
                  {
                    "max": 8085,
                    "min": 8085,
                    "source_port_range": []
                  }
                ],
                "udp_options": []
              },
              {
                "description": "SMTP Inbound",
                "icmp_options": [],
                "protocol": "6",
                "source": "0.0.0.0/0",
                "source_type": "CIDR_BLOCK",
                "stateless": false,
                "tcp_options": [
                  {
                    "max": 25,
                    "min": 25,
                    "source_port_range": []
                  }
                ],
                "udp_options": []
              },
              {
                "description": "SMTP Proxy for Cloudflare Worker",
                "icmp_options": [],
                "protocol": "6",
                "source": "0.0.0.0/0",
                "source_type": "CIDR_BLOCK",
                "stateless": false,
                "tcp_options": [
                  {
                    "max": 8088,
                    "min": 8088,
                    "source_port_range": []
                  }
                ],
                "udp_options": []
              },
              {
                "description": "SMTP STARTTLS",
                "icmp_options": [],
                "protocol": "6",
                "source": "0.0.0.0/0",
                "source_type": "CIDR_BLOCK",
                "stateless": false,
                "tcp_options": [
                  {
                    "max": 587,
                    "min": 587,
                    "source_port_range": []
                  }
                ],
                "udp_options": []
              },
              {
                "description": "SMTPS",
                "icmp_options": [],
                "protocol": "6",
                "source": "0.0.0.0/0",
                "source_type": "CIDR_BLOCK",
                "stateless": false,
                "tcp_options": [
                  {
                    "max": 465,
                    "min": 465,
                    "source_port_range": []
                  }
                ],
                "udp_options": []
              },
              {
                "description": "Snappymail Webmail",
                "icmp_options": [],
                "protocol": "6",
                "source": "0.0.0.0/0",
                "source_type": "CIDR_BLOCK",
                "stateless": false,
                "tcp_options": [
                  {
                    "max": 8888,
                    "min": 8888,
                    "source_port_range": []
                  }
                ],
                "udp_options": []
              },
              {
                "description": "WireGuard VPN",
                "icmp_options": [],
                "protocol": "17",
                "source": "0.0.0.0/0",
                "source_type": "CIDR_BLOCK",
                "stateless": false,
                "tcp_options": [],
                "udp_options": [
                  {
                    "max": 51820,
                    "min": 51820,
                    "source_port_range": []
                  }
                ]
              }
            ],
            "manage_default_resource_id": "ocid1.securitylist.oc1.eu-marseille-1.aaaaaaaapjyzyvoi3hodcgdtbvajvsubmobwknce4h3rxqitje7ocfht55jq",
            "state": "AVAILABLE",
            "time_created": "2025-11-18 18:04:44.388 +0000 UTC",
            "timeouts": null
          },
          "sensitive_attributes": [],
          "private": "eyJlMmJmYjczMC1lY2FhLTExZTYtOGY4OC0zNDM2M2JjN2M0YzAiOnsiY3JlYXRlIjoxMjAwMDAwMDAwMDAwLCJkZWxldGUiOjEyMDAwMDAwMDAwMDAsInVwZGF0ZSI6MTIwMDAwMDAwMDAwMH0sInNjaGVtYV92ZXJzaW9uIjoiMCJ9"
        }
      ]
    },
    {
      "mode": "managed",
      "type": "oci_core_instance",
      "name": "vms",
      "provider": "provider[\"registry.terraform.io/oracle/oci\"]",
      "instances": [
        {
          "index_key": "analytics_server",
          "schema_version": 0,
          "attributes": {
            "agent_config": [
              {
                "are_all_plugins_disabled": false,
                "is_management_disabled": false,
                "is_monitoring_disabled": false,
                "plugins_config": []
              }
            ],
            "async": null,
            "availability_config": [
              {
                "is_live_migration_preferred": false,
                "recovery_action": "RESTORE_INSTANCE"
              }
            ],
            "availability_domain": "bRpM:EU-MARSEILLE-1-AD-1",
            "boot_volume_id": "ocid1.bootvolume.oc1.eu-marseille-1.abwxeljrhl26koxa4bfjhbibtbviqchfclu33ttvg4kocmyi2ercfg2bf3la",
            "capacity_reservation_id": null,
            "cluster_placement_group_id": null,
            "compartment_id": "ocid1.tenancy.oc1..aaaaaaaate22jsouuzgaw65ucwvufcj3lzjxw4ithwcz3cxw6iom6ys2ldsq",
            "compute_cluster_id": null,
            "create_vnic_details": [
              {
                "assign_ipv6ip": false,
                "assign_private_dns_record": false,
                "assign_public_ip": "true",
                "defined_tags": {
                  "Oracle-Tags.CreatedBy": "default/diegonmarcos@gmail.com",
                  "Oracle-Tags.CreatedOn": "2025-11-27T06:53:26.397Z"
                },
                "display_name": "services-server",
                "freeform_tags": {},
                "hostname_label": "",
                "ipv6address_ipv6subnet_cidr_pair_details": [],
                "nsg_ids": [],
                "private_ip": "10.0.1.124",
                "skip_source_dest_check": false,
                "subnet_id": "ocid1.subnet.oc1.eu-marseille-1.aaaaaaaapz6g4htlyisp45zplqi47t3mms4noceyqebb5huhccrlt432ugeq",
                "vlan_id": ""
              }
            ],
            "dedicated_vm_host_id": null,
            "defined_tags": {
              "Oracle-Tags.CreatedBy": "default/diegonmarcos@gmail.com",
              "Oracle-Tags.CreatedOn": "2025-11-27T06:53:26.298Z"
            },
            "display_name": "oci-E2-f_1",
            "extended_metadata": {},
            "fault_domain": "FAULT-DOMAIN-1",
            "freeform_tags": {},
            "hostname_label": "",
            "id": "ocid1.instance.oc1.eu-marseille-1.anwxeljruadvczacgwg5rkrjyomuxvjtvtuk5xrbmy7hmslwn4pse4kw5jkq",
            "image": "ocid1.image.oc1.eu-marseille-1.aaaaaaaaroyr7dd2stfnhbjmqrqrbvhoa77i6o3eap6er6cd5rxjzxgu73oq",
            "instance_configuration_id": null,
            "instance_options": [
              {
                "are_legacy_imds_endpoints_disabled": false
              }
            ],
            "ipxe_script": null,
            "is_cross_numa_node": false,
            "is_pv_encryption_in_transit_enabled": null,
            "launch_mode": "PARAVIRTUALIZED",
            "launch_options": [
              {
                "boot_volume_type": "PARAVIRTUALIZED",
                "firmware": "UEFI_64",
                "is_consistent_volume_naming_enabled": true,
                "is_pv_encryption_in_transit_enabled": false,
                "network_type": "PARAVIRTUALIZED",
                "remote_data_volume_type": "PARAVIRTUALIZED"
              }
            ],
            "launch_volume_attachments": [],
            "metadata": {
              "ssh_authorized_keys": "ssh-rsa AAAAB3NzaC1yc2EAAAADAQABAAABgQC+R13feNM+RTKKxi4eUIHOxAdbQiG23G1OyGWEZtk6K43+/D9nq6ddkC0MapckgekPFChqu1rw/voiD/+A+U85iqTZlb3FYv6uDGkADY2t/qsRXmpJ3hBXcEoXLhqvzpsZ44nuTHCpfjsNdPLATnZx5SnVqx5I67WMSszCwJaqaYW/zpuZxx1yM3iIgtyIHVWk4DHGSkXa/kXmOgN3dVQxSMEIMVUJiQJ5vl1SmQHsAq/8M6O6X0YSVE/nZjxMUhGxf1mv9I5iw/u4PYP1/T23i/VthIVSlciRp0lX80abNblRoIkvvXLeMm7gA8h3T00L5ehTMpGdEVlfHa1gQrhlgjXjQS6pOR6U9BAidBD94sRYLUJ44R3bfX0m6QVvuqPLu6N/TmsDdXNLuMlJ90sUkopR/FWd0aC01/nAKu8CdKd0Vgusibl/NTjMFOx1My3Pw+ma5SZPC6is+n53F+vkGlwFM1+gEdNJjxPBcbkUgM27IlGc+lUiWtKCVJ9VJYM= diego@diego-surfacepro8\n"
            },
            "platform_config": [],
            "preemptible_instance_config": [],
            "preserve_boot_volume": null,
            "preserve_data_volumes_created_at_launch": null,
            "private_ip": "10.0.1.124",
            "public_ip": "129.151.228.66",
            "region": "eu-marseille-1",
            "shape": "VM.Standard.E2.1.Micro",
            "shape_config": [
              {
                "baseline_ocpu_utilization": "",
                "gpu_description": "",
                "gpus": 0,
                "local_disk_description": "",
                "local_disks": 0,
                "local_disks_total_size_in_gbs": 0,
                "max_vnic_attachments": 1,
                "memory_in_gbs": 1,
                "networking_bandwidth_in_gbps": 0.5,
                "nvmes": 0,
                "ocpus": 1,
                "processor_description": "2.25 GHz AMD EPYC™ 7742 (Rome)",
                "vcpus": 2
              }
            ],
            "source_details": [
              {
                "boot_volume_size_in_gbs": "50",
                "boot_volume_vpus_per_gb": "10",
                "instance_source_image_filter_details": [],
                "is_preserve_boot_volume_enabled": false,
                "kms_key_id": "",
                "source_id": "ocid1.image.oc1.eu-marseille-1.aaaaaaaaroyr7dd2stfnhbjmqrqrbvhoa77i6o3eap6er6cd5rxjzxgu73oq",
                "source_type": "image"
              }
            ],
            "state": "RUNNING",
            "subnet_id": "ocid1.subnet.oc1.eu-marseille-1.aaaaaaaapz6g4htlyisp45zplqi47t3mms4noceyqebb5huhccrlt432ugeq",
            "system_tags": {
              "orcl-cloud.free-tier-retained": "true"
            },
            "time_created": "2025-11-27 06:53:26.753 +0000 UTC",
            "time_maintenance_reboot_due": "",
            "timeouts": null,
            "update_operation_constraint": null
          },
          "sensitive_attributes": [],
          "private": "eyJlMmJmYjczMC1lY2FhLTExZTYtOGY4OC0zNDM2M2JjN2M0YzAiOnsiY3JlYXRlIjoyNzAwMDAwMDAwMDAwLCJkZWxldGUiOjQ1MDAwMDAwMDAwMDAsInVwZGF0ZSI6MjcwMDAwMDAwMDAwMH0sInNjaGVtYV92ZXJzaW9uIjoiMCJ9"
        },
        {
          "index_key": "apps_server",
          "schema_version": 0,
          "attributes": {
            "agent_config": [
              {
                "are_all_plugins_disabled": false,
                "is_management_disabled": false,
                "is_monitoring_disabled": false,
                "plugins_config": []
              }
            ],
            "async": null,
            "availability_config": [
              {
                "is_live_migration_preferred": false,
                "recovery_action": "RESTORE_INSTANCE"
              }
            ],
            "availability_domain": "bRpM:EU-MARSEILLE-1-AD-1",
            "boot_volume_id": "ocid1.bootvolume.oc1.eu-marseille-1.abwxeljrdwyihjsnd4zov66b27q3xts6cfrzgevrs2ydoh4aydmwvui6qbyq",
            "capacity_reservation_id": null,
            "cluster_placement_group_id": null,
            "compartment_id": "ocid1.tenancy.oc1..aaaaaaaate22jsouuzgaw65ucwvufcj3lzjxw4ithwcz3cxw6iom6ys2ldsq",
            "compute_cluster_id": null,
            "create_vnic_details": [
              {
                "assign_ipv6ip": false,
                "assign_private_dns_record": false,
                "assign_public_ip": "true",
                "defined_tags": {
                  "Oracle-Tags.CreatedBy": "default/diegonmarcos@gmail.com",
                  "Oracle-Tags.CreatedOn": "2026-02-06T14:48:57.208Z"
                },
                "display_name": "arm-server-1",
                "freeform_tags": {},
                "hostname_label": "",
                "ipv6address_ipv6subnet_cidr_pair_details": [],
                "nsg_ids": [],
                "private_ip": "10.0.1.125",
                "skip_source_dest_check": false,
                "subnet_id": "ocid1.subnet.oc1.eu-marseille-1.aaaaaaaapz6g4htlyisp45zplqi47t3mms4noceyqebb5huhccrlt432ugeq",
                "vlan_id": ""
              }
            ],
            "dedicated_vm_host_id": null,
            "defined_tags": {
              "Oracle-Tags.CreatedBy": "default/diegonmarcos@gmail.com",
              "Oracle-Tags.CreatedOn": "2026-02-06T14:48:57.123Z"
            },
            "display_name": "oci-A1-f_0",
            "extended_metadata": {},
            "fault_domain": "FAULT-DOMAIN-2",
            "freeform_tags": {},
            "hostname_label": "",
            "id": "ocid1.instance.oc1.eu-marseille-1.anwxeljruadvczacj7dfxl7uifar574je7fzlvtdjp4ghljdwuwdemsdbiva",
            "image": "ocid1.image.oc1.eu-marseille-1.aaaaaaaar3pm2xlih5tqkjwr7ykfgzixjytjivkacgmqrlxi66vzlf5a2wlq",
            "instance_configuration_id": null,
            "instance_options": [
              {
                "are_legacy_imds_endpoints_disabled": false
              }
            ],
            "ipxe_script": null,
            "is_cross_numa_node": false,
            "is_pv_encryption_in_transit_enabled": null,
            "launch_mode": "PARAVIRTUALIZED",
            "launch_options": [
              {
                "boot_volume_type": "PARAVIRTUALIZED",
                "firmware": "UEFI_64",
                "is_consistent_volume_naming_enabled": true,
                "is_pv_encryption_in_transit_enabled": false,
                "network_type": "PARAVIRTUALIZED",
                "remote_data_volume_type": "PARAVIRTUALIZED"
              }
            ],
            "launch_volume_attachments": [],
            "metadata": {
              "ssh_authorized_keys": "ssh-rsa AAAAB3NzaC1yc2EAAAADAQABAAABgQC+R13feNM+RTKKxi4eUIHOxAdbQiG23G1OyGWEZtk6K43+/D9nq6ddkC0MapckgekPFChqu1rw/voiD/+A+U85iqTZlb3FYv6uDGkADY2t/qsRXmpJ3hBXcEoXLhqvzpsZ44nuTHCpfjsNdPLATnZx5SnVqx5I67WMSszCwJaqaYW/zpuZxx1yM3iIgtyIHVWk4DHGSkXa/kXmOgN3dVQxSMEIMVUJiQJ5vl1SmQHsAq/8M6O6X0YSVE/nZjxMUhGxf1mv9I5iw/u4PYP1/T23i/VthIVSlciRp0lX80abNblRoIkvvXLeMm7gA8h3T00L5ehTMpGdEVlfHa1gQrhlgjXjQS6pOR6U9BAidBD94sRYLUJ44R3bfX0m6QVvuqPLu6N/TmsDdXNLuMlJ90sUkopR/FWd0aC01/nAKu8CdKd0Vgusibl/NTjMFOx1My3Pw+ma5SZPC6is+n53F+vkGlwFM1+gEdNJjxPBcbkUgM27IlGc+lUiWtKCVJ9VJYM= diego@diego-surfacepro8\n"
            },
            "platform_config": [],
            "preemptible_instance_config": [],
            "preserve_boot_volume": null,
            "preserve_data_volumes_created_at_launch": null,
            "private_ip": "10.0.1.125",
            "public_ip": "82.70.229.129",
            "region": "eu-marseille-1",
            "shape": "VM.Standard.A1.Flex",
            "shape_config": [
              {
                "baseline_ocpu_utilization": "",
                "gpu_description": "",
                "gpus": 0,
                "local_disk_description": "",
                "local_disks": 0,
                "local_disks_total_size_in_gbs": 0,
                "max_vnic_attachments": 4,
                "memory_in_gbs": 24,
                "networking_bandwidth_in_gbps": 4,
                "nvmes": 0,
                "ocpus": 4,
                "processor_description": "3.0 GHz Ampere® Altra™",
                "vcpus": 4
              }
            ],
            "source_details": [
              {
                "boot_volume_size_in_gbs": "100",
                "boot_volume_vpus_per_gb": "10",
                "instance_source_image_filter_details": [],
                "is_preserve_boot_volume_enabled": false,
                "kms_key_id": "",
                "source_id": "ocid1.image.oc1.eu-marseille-1.aaaaaaaar3pm2xlih5tqkjwr7ykfgzixjytjivkacgmqrlxi66vzlf5a2wlq",
                "source_type": "image"
              }
            ],
            "state": "RUNNING",
            "subnet_id": "ocid1.subnet.oc1.eu-marseille-1.aaaaaaaapz6g4htlyisp45zplqi47t3mms4noceyqebb5huhccrlt432ugeq",
            "system_tags": {},
            "time_created": "2026-02-06 14:48:57.615 +0000 UTC",
            "time_maintenance_reboot_due": "",
            "timeouts": null,
            "update_operation_constraint": null
          },
          "sensitive_attributes": [],
          "private": "eyJlMmJmYjczMC1lY2FhLTExZTYtOGY4OC0zNDM2M2JjN2M0YzAiOnsiY3JlYXRlIjoyNzAwMDAwMDAwMDAwLCJkZWxldGUiOjQ1MDAwMDAwMDAwMDAsInVwZGF0ZSI6MjcwMDAwMDAwMDAwMH0sInNjaGVtYV92ZXJzaW9uIjoiMCJ9"
        },
        {
          "index_key": "mail_server",
          "schema_version": 0,
          "attributes": {
            "agent_config": [
              {
                "are_all_plugins_disabled": false,
                "is_management_disabled": false,
                "is_monitoring_disabled": false,
                "plugins_config": []
              }
            ],
            "async": null,
            "availability_config": [
              {
                "is_live_migration_preferred": false,
                "recovery_action": "RESTORE_INSTANCE"
              }
            ],
            "availability_domain": "bRpM:EU-MARSEILLE-1-AD-1",
            "boot_volume_id": "ocid1.bootvolume.oc1.eu-marseille-1.abwxeljr7ddhr6hae2yxacal54occgolshet4mrdxyn4ehv6q66efa54vfta",
            "capacity_reservation_id": null,
            "cluster_placement_group_id": null,
            "compartment_id": "ocid1.tenancy.oc1..aaaaaaaate22jsouuzgaw65ucwvufcj3lzjxw4ithwcz3cxw6iom6ys2ldsq",
            "compute_cluster_id": null,
            "create_vnic_details": [
              {
                "assign_ipv6ip": false,
                "assign_private_dns_record": false,
                "assign_public_ip": "true",
                "defined_tags": {
                  "Oracle-Tags.CreatedBy": "default/diegonmarcos@gmail.com",
                  "Oracle-Tags.CreatedOn": "2025-11-18T18:12:25.215Z"
                },
                "display_name": "web-server",
                "freeform_tags": {},
                "hostname_label": "",
                "ipv6address_ipv6subnet_cidr_pair_details": [],
                "nsg_ids": [],
                "private_ip": "10.0.1.15",
                "skip_source_dest_check": false,
                "subnet_id": "ocid1.subnet.oc1.eu-marseille-1.aaaaaaaapz6g4htlyisp45zplqi47t3mms4noceyqebb5huhccrlt432ugeq",
                "vlan_id": ""
              }
            ],
            "dedicated_vm_host_id": null,
            "defined_tags": {
              "Oracle-Tags.CreatedBy": "default/diegonmarcos@gmail.com",
              "Oracle-Tags.CreatedOn": "2025-11-18T18:12:25.112Z"
            },
            "display_name": "oci-E2-f_0",
            "extended_metadata": {},
            "fault_domain": "FAULT-DOMAIN-2",
            "freeform_tags": {},
            "hostname_label": "",
            "id": "ocid1.instance.oc1.eu-marseille-1.anwxeljruadvczacbwylmkqr253ay7binepapgsyopllfayovkzaky6oigbq",
            "image": "ocid1.image.oc1.eu-marseille-1.aaaaaaaaroyr7dd2stfnhbjmqrqrbvhoa77i6o3eap6er6cd5rxjzxgu73oq",
            "instance_configuration_id": null,
            "instance_options": [
              {
                "are_legacy_imds_endpoints_disabled": false
              }
            ],
            "ipxe_script": null,
            "is_cross_numa_node": false,
            "is_pv_encryption_in_transit_enabled": null,
            "launch_mode": "PARAVIRTUALIZED",
            "launch_options": [
              {
                "boot_volume_type": "PARAVIRTUALIZED",
                "firmware": "UEFI_64",
                "is_consistent_volume_naming_enabled": true,
                "is_pv_encryption_in_transit_enabled": false,
                "network_type": "PARAVIRTUALIZED",
                "remote_data_volume_type": "PARAVIRTUALIZED"
              }
            ],
            "launch_volume_attachments": [],
            "metadata": {
              "ssh_authorized_keys": "ssh-rsa AAAAB3NzaC1yc2EAAAADAQABAAACAQCjF8Cdb+QeH4V6lHpIyXV/uYC1vyKrQ2uOJPL6L3QgDBbcbyHOFBNXIC5dcJgbwpqskUbyWeGIgZ92ENiRIaTfrgCj0Jlmp2quZVz2e6fn8TOUsiR1kYQibJ0FPobje7vUPjAHjcuDbui0Xb0uahOqJNzXJ9LISDWJkaJ7zCxTNPihAox5407OWshyFsT6Txdf4+ca5qXuLsc3oHP8fwg3XYEbZOX+RceF94Myl+nzpLeJ9u3HEpPdT2H6BtA+q6rDsSOL9uVmzHY6PlF3kxEBigKLktytIZA9sARNGEukoxlXeVDFSFMWW707DnCYPTlSHTMgiumZ40rxcndQxAX/a0QQL60m4wx2xVCRNljgY6EOISEp9zXuQcDY1JyctZDIeo9Iuf8MMi4frNrKMcp0ntB8j+vxXXB/fE+ER+zdIUzIIdSegAjC7AznTtif05HEyVoZjePxFvMiXl5Oa+D39ET8iYM6XL7vyz8uPcjEMwHMo4XHxU71SlB+6OIs3ZAWac6uQSBnM1kcZrynorcxkatrec7u2NCEhPG+Wd3A1e3INILmRZRIXL1e84SjqaX1HGantfNTgAt8sGrema36k/gzmw1Y/Pzao1PD37GCRfFeHeBDbne9gYLPqmM/VTEqp2ya7/ztPAW8od+GrHbrK/18PWX5SbMaZLttodarIw== matomo-server\n",
              "user_data": "I2Nsb3VkLWNvbmZpZwoKIyBTZXQgcGFzc3dvcmQgZm9yIHVidW50dSB1c2VyIChmb3IgY29uc29sZSBhY2Nlc3MpCmNocGFzc3dkOgogIGxpc3Q6IHwKICAgIHVidW50dTpNYXRvbW8yMDI1IQogIGV4cGlyZTogZmFsc2UKCiMgQWxsb3cgcGFzc3dvcmQgYXV0aGVudGljYXRpb24gKG9ubHkgZm9yIGNvbnNvbGUpCnNzaF9wd2F1dGg6IGZhbHNlCgojIENvbmZpZ3VyZSBpcHRhYmxlcyB0byBhbGxvdyBTU0gKcnVuY21kOgogIC0gaXB0YWJsZXMgLUYKICAtIGlwdGFibGVzIC1YCiAgLSBpcHRhYmxlcyAtdCBuYXQgLUYKICAtIGlwdGFibGVzIC10IG5hdCAtWAogIC0gaXB0YWJsZXMgLXQgbWFuZ2xlIC1GCiAgLSBpcHRhYmxlcyAtdCBtYW5nbGUgLVgKICAtIGlwdGFibGVzIC1QIElOUFVUIEFDQ0VQVAogIC0gaXB0YWJsZXMgLVAgRk9SV0FSRCBBQ0NFUFQKICAtIGlwdGFibGVzIC1QIE9VVFBVVCBBQ0NFUFQKICAtIERFQklBTl9GUk9OVEVORD1ub25pbnRlcmFjdGl2ZSBhcHQtZ2V0IHVwZGF0ZQogIC0gREVCSUFOX0ZST05URU5EPW5vbmludGVyYWN0aXZlIGFwdC1nZXQgaW5zdGFsbCAteSBpcHRhYmxlcy1wZXJzaXN0ZW50CiAgLSBuZXRmaWx0ZXItcGVyc2lzdGVudCBzYXZlCiAgLSBlY2hvICJDbG91ZC1pbml0IGNvbXBsZXRlZCBhdCAkKGRhdGUpIiA+IC92YXIvbG9nL2Nsb3VkLWluaXQtZmlyZXdhbGwubG9nCgp3cml0ZV9maWxlczoKICAtIHBhdGg6IC9ldGMvaXB0YWJsZXMvcnVsZXMudjQKICAgIGNvbnRlbnQ6IHwKICAgICAgKmZpbHRlcgogICAgICA6SU5QVVQgQUNDRVBUIFswOjBdCiAgICAgIDpGT1JXQVJEIEFDQ0VQVCBbMDowXQogICAgICA6T1VUUFVUIEFDQ0VQVCBbMDowXQogICAgICBDT01NSVQKICAgIG93bmVyOiByb290OnJvb3QKICAgIHBlcm1pc3Npb25zOiAnMDY0NCcK"
            },
            "platform_config": [],
            "preemptible_instance_config": [],
            "preserve_boot_volume": null,
            "preserve_data_volumes_created_at_launch": null,
            "private_ip": "10.0.1.15",
            "public_ip": "130.110.251.193",
            "region": "eu-marseille-1",
            "shape": "VM.Standard.E2.1.Micro",
            "shape_config": [
              {
                "baseline_ocpu_utilization": "",
                "gpu_description": "",
                "gpus": 0,
                "local_disk_description": "",
                "local_disks": 0,
                "local_disks_total_size_in_gbs": 0,
                "max_vnic_attachments": 1,
                "memory_in_gbs": 1,
                "networking_bandwidth_in_gbps": 0.5,
                "nvmes": 0,
                "ocpus": 1,
                "processor_description": "2.25 GHz AMD EPYC™ 7742 (Rome)",
                "vcpus": 2
              }
            ],
            "source_details": [
              {
                "boot_volume_size_in_gbs": "47",
                "boot_volume_vpus_per_gb": "10",
                "instance_source_image_filter_details": [],
                "is_preserve_boot_volume_enabled": false,
                "kms_key_id": "",
                "source_id": "ocid1.image.oc1.eu-marseille-1.aaaaaaaaroyr7dd2stfnhbjmqrqrbvhoa77i6o3eap6er6cd5rxjzxgu73oq",
                "source_type": "image"
              }
            ],
            "state": "RUNNING",
            "subnet_id": "ocid1.subnet.oc1.eu-marseille-1.aaaaaaaapz6g4htlyisp45zplqi47t3mms4noceyqebb5huhccrlt432ugeq",
            "system_tags": {
              "orcl-cloud.free-tier-retained": "true"
            },
            "time_created": "2025-11-18 18:12:25.529 +0000 UTC",
            "time_maintenance_reboot_due": "",
            "timeouts": null,
            "update_operation_constraint": null
          },
          "sensitive_attributes": [],
          "private": "eyJlMmJmYjczMC1lY2FhLTExZTYtOGY4OC0zNDM2M2JjN2M0YzAiOnsiY3JlYXRlIjoyNzAwMDAwMDAwMDAwLCJkZWxldGUiOjQ1MDAwMDAwMDAwMDAsInVwZGF0ZSI6MjcwMDAwMDAwMDAwMH0sInNjaGVtYV92ZXJzaW9uIjoiMCJ9"
        }
      ]
    },
    {
      "mode": "managed",
      "type": "oci_core_internet_gateway",
      "name": "main",
      "provider": "provider[\"registry.terraform.io/oracle/oci\"]",
      "instances": [
        {
          "schema_version": 0,
          "attributes": {
            "compartment_id": "ocid1.tenancy.oc1..aaaaaaaate22jsouuzgaw65ucwvufcj3lzjxw4ithwcz3cxw6iom6ys2ldsq",
            "defined_tags": {
              "Oracle-Tags.CreatedBy": "default/diegonmarcos@gmail.com",
              "Oracle-Tags.CreatedOn": "2025-11-18T18:04:47.330Z"
            },
            "display_name": "web-server-igw",
            "enabled": true,
            "freeform_tags": {},
            "id": "ocid1.internetgateway.oc1.eu-marseille-1.aaaaaaaafycgi5xcwzzghl2mfz5wutigunklobtajwkbq5l4sg4ayo2gx57q",
            "route_table_id": null,
            "state": "AVAILABLE",
            "time_created": "2025-11-18 18:04:47.35 +0000 UTC",
            "timeouts": null,
            "vcn_id": "ocid1.vcn.oc1.eu-marseille-1.amaaaaaauadvczaayaj5pwctlnw7uvxufo3iumrrjogoc52dcnozrojvivna"
          },
          "sensitive_attributes": [],
          "private": "eyJlMmJmYjczMC1lY2FhLTExZTYtOGY4OC0zNDM2M2JjN2M0YzAiOnsiY3JlYXRlIjoxMjAwMDAwMDAwMDAwLCJkZWxldGUiOjEyMDAwMDAwMDAwMDAsInVwZGF0ZSI6MTIwMDAwMDAwMDAwMH0sInNjaGVtYV92ZXJzaW9uIjoiMCJ9"
        }
      ]
    },
    {
      "mode": "managed",
      "type": "oci_core_subnet",
      "name": "main",
      "provider": "provider[\"registry.terraform.io/oracle/oci\"]",
      "instances": [
        {
          "schema_version": 0,
          "attributes": {
            "availability_domain": null,
            "cidr_block": "10.0.1.0/24",
            "compartment_id": "ocid1.tenancy.oc1..aaaaaaaate22jsouuzgaw65ucwvufcj3lzjxw4ithwcz3cxw6iom6ys2ldsq",
            "defined_tags": {
              "Oracle-Tags.CreatedBy": "default/diegonmarcos@gmail.com",
              "Oracle-Tags.CreatedOn": "2025-11-18T18:04:55.049Z"
            },
            "dhcp_options_id": "ocid1.dhcpoptions.oc1.eu-marseille-1.aaaaaaaaodxiavtmqxwwql6r3pkscmd2x2esfdkhcsqj4ainnjw2cwbetrha",
            "display_name": "web-server-subnet",
            "dns_label": null,
            "freeform_tags": {},
            "id": "ocid1.subnet.oc1.eu-marseille-1.aaaaaaaapz6g4htlyisp45zplqi47t3mms4noceyqebb5huhccrlt432ugeq",
            "ipv6cidr_block": null,
            "ipv6cidr_blocks": [],
            "ipv6virtual_router_ip": null,
            "prohibit_internet_ingress": false,
            "prohibit_public_ip_on_vnic": false,
            "route_table_id": "ocid1.routetable.oc1.eu-marseille-1.aaaaaaaaousfgs3ya74kb3wa2ly6o4s36x25igr6j3dcmg4dtslzggh4k37a",
            "security_list_ids": [
              "ocid1.securitylist.oc1.eu-marseille-1.aaaaaaaapjyzyvoi3hodcgdtbvajvsubmobwknce4h3rxqitje7ocfht55jq"
            ],
            "state": "AVAILABLE",
            "subnet_domain_name": null,
            "time_created": "2025-11-18 18:04:55.087 +0000 UTC",
            "timeouts": null,
            "vcn_id": "ocid1.vcn.oc1.eu-marseille-1.amaaaaaauadvczaayaj5pwctlnw7uvxufo3iumrrjogoc52dcnozrojvivna",
            "virtual_router_ip": "10.0.1.1",
            "virtual_router_mac": "00:00:17:89:A0:DF"
          },
          "sensitive_attributes": [],
          "private": "eyJlMmJmYjczMC1lY2FhLTExZTYtOGY4OC0zNDM2M2JjN2M0YzAiOnsiY3JlYXRlIjoxMjAwMDAwMDAwMDAwLCJkZWxldGUiOjEyMDAwMDAwMDAwMDAsInVwZGF0ZSI6MTIwMDAwMDAwMDAwMH0sInNjaGVtYV92ZXJzaW9uIjoiMCJ9"
        }
      ]
    },
    {
      "mode": "managed",
      "type": "oci_core_vcn",
      "name": "main",
      "provider": "provider[\"registry.terraform.io/oracle/oci\"]",
      "instances": [
        {
          "schema_version": 0,
          "attributes": {
            "byoipv6cidr_blocks": [],
            "byoipv6cidr_details": [],
            "cidr_block": "10.0.0.0/16",
            "cidr_blocks": [
              "10.0.0.0/16"
            ],
            "compartment_id": "ocid1.tenancy.oc1..aaaaaaaate22jsouuzgaw65ucwvufcj3lzjxw4ithwcz3cxw6iom6ys2ldsq",
            "default_dhcp_options_id": "ocid1.dhcpoptions.oc1.eu-marseille-1.aaaaaaaaodxiavtmqxwwql6r3pkscmd2x2esfdkhcsqj4ainnjw2cwbetrha",
            "default_route_table_id": "ocid1.routetable.oc1.eu-marseille-1.aaaaaaaaousfgs3ya74kb3wa2ly6o4s36x25igr6j3dcmg4dtslzggh4k37a",
            "default_security_list_id": "ocid1.securitylist.oc1.eu-marseille-1.aaaaaaaapjyzyvoi3hodcgdtbvajvsubmobwknce4h3rxqitje7ocfht55jq",
            "defined_tags": {
              "Oracle-Tags.CreatedBy": "default/diegonmarcos@gmail.com",
              "Oracle-Tags.CreatedOn": "2025-11-18T18:04:44.355Z"
            },
            "display_name": "web-server-vcn",
            "dns_label": null,
            "freeform_tags": {},
            "id": "ocid1.vcn.oc1.eu-marseille-1.amaaaaaauadvczaayaj5pwctlnw7uvxufo3iumrrjogoc52dcnozrojvivna",
            "ipv6cidr_blocks": [],
            "ipv6private_cidr_blocks": [],
            "is_ipv6enabled": false,
            "is_oracle_gua_allocation_enabled": null,
            "state": "AVAILABLE",
            "time_created": "2025-11-18 18:04:44.388 +0000 UTC",
            "timeouts": null,
            "vcn_domain_name": null
          },
          "sensitive_attributes": [],
          "private": "eyJlMmJmYjczMC1lY2FhLTExZTYtOGY4OC0zNDM2M2JjN2M0YzAiOnsiY3JlYXRlIjoxMjAwMDAwMDAwMDAwLCJkZWxldGUiOjEyMDAwMDAwMDAwMDAsInVwZGF0ZSI6MTIwMDAwMDAwMDAwMH0sInNjaGVtYV92ZXJzaW9uIjoiMCJ9"
        }
      ]
    },
    {
      "mode": "managed",
      "type": "oci_objectstorage_bucket",
      "name": "buckets",
      "provider": "provider[\"registry.terraform.io/oracle/oci\"]",
      "instances": [
        {
          "index_key": "cloud-backups-binaries-medias",
          "schema_version": 0,
          "attributes": {
            "access_type": "NoPublicAccess",
            "approximate_count": "0",
            "approximate_size": "0",
            "auto_tiering": "Disabled",
            "bucket_id": "ocid1.bucket.oc1.eu-marseille-1.aaaaaaaagxdcqcyuy3mxsvrzmub63jq5w3pvuu74mixge4rxjbjxfml3bctq",
            "compartment_id": "ocid1.tenancy.oc1..aaaaaaaate22jsouuzgaw65ucwvufcj3lzjxw4ithwcz3cxw6iom6ys2ldsq",
            "created_by": "ocid1.user.oc1..aaaaaaaaadh3p7atydr4ga3yvr3noohaar4f5h62d7stidvzkzgmilyt4enq",
            "defined_tags": {
              "Oracle-Tags.CreatedBy": "default/diegonmarcos@gmail.com",
              "Oracle-Tags.CreatedOn": "2026-04-16T12:47:50.061Z"
            },
            "etag": "561eb08f-da1a-487d-b2b0-5440799ec435",
            "freeform_tags": {},
            "id": "n/axpmn3qtq4ig/b/cloud-backups-binaries-medias",
            "is_read_only": false,
            "kms_key_id": null,
            "metadata": {},
            "name": "cloud-backups-binaries-medias",
            "namespace": "axpmn3qtq4ig",
            "object_events_enabled": false,
            "object_lifecycle_policy_etag": null,
            "replication_enabled": false,
            "retention_rules": [],
            "storage_tier": "Standard",
            "time_created": "2026-04-16 12:47:50.067 +0000 UTC",
            "timeouts": null,
            "versioning": "Disabled"
          },
          "sensitive_attributes": [],
          "private": "eyJlMmJmYjczMC1lY2FhLTExZTYtOGY4OC0zNDM2M2JjN2M0YzAiOnsiY3JlYXRlIjoxMjAwMDAwMDAwMDAwLCJkZWxldGUiOjEyMDAwMDAwMDAwMDAsInVwZGF0ZSI6MTIwMDAwMDAwMDAwMH0sInNjaGVtYV92ZXJzaW9uIjoiMCJ9"
        },
        {
          "index_key": "cloud-backups-db",
          "schema_version": 0,
          "attributes": {
            "access_type": "NoPublicAccess",
            "approximate_count": "22",
            "approximate_size": "64336905",
            "auto_tiering": "Disabled",
            "bucket_id": "ocid1.bucket.oc1.eu-marseille-1.aaaaaaaa6dgt76tunoiwy4rtofsz2dtvptb3xgeeswxgdtg7id4bxehvy35a",
            "compartment_id": "ocid1.tenancy.oc1..aaaaaaaate22jsouuzgaw65ucwvufcj3lzjxw4ithwcz3cxw6iom6ys2ldsq",
            "created_by": "ocid1.user.oc1..aaaaaaaaadh3p7atydr4ga3yvr3noohaar4f5h62d7stidvzkzgmilyt4enq",
            "defined_tags": {
              "Oracle-Tags.CreatedBy": "default/diegonmarcos@gmail.com",
              "Oracle-Tags.CreatedOn": "2026-03-23T23:43:24.806Z"
            },
            "etag": "db9c78ca-5969-4d91-8694-5901b2002887",
            "freeform_tags": {},
            "id": "n/axpmn3qtq4ig/b/cloud-backups-db",
            "is_read_only": false,
            "kms_key_id": null,
            "metadata": {},
            "name": "cloud-backups-db",
            "namespace": "axpmn3qtq4ig",
            "object_events_enabled": false,
            "object_lifecycle_policy_etag": null,
            "replication_enabled": false,
            "retention_rules": [],
            "storage_tier": "Standard",
            "time_created": "2026-03-23 23:43:24.813 +0000 UTC",
            "timeouts": null,
            "versioning": "Disabled"
          },
          "sensitive_attributes": [],
          "private": "eyJlMmJmYjczMC1lY2FhLTExZTYtOGY4OC0zNDM2M2JjN2M0YzAiOnsiY3JlYXRlIjoxMjAwMDAwMDAwMDAwLCJkZWxldGUiOjEyMDAwMDAwMDAwMDAsInVwZGF0ZSI6MTIwMDAwMDAwMDAwMH0sInNjaGVtYV92ZXJzaW9uIjoiMCJ9"
        },
        {
          "index_key": "cloud-backups-media",
          "schema_version": 0,
          "attributes": {
            "access_type": "NoPublicAccess",
            "approximate_count": "2",
            "approximate_size": "606",
            "auto_tiering": "Disabled",
            "bucket_id": "ocid1.bucket.oc1.eu-marseille-1.aaaaaaaaals2ec2z6cnyfedmtfjgsaydzqwj4acbrhptlunirm4l2hjnj46q",
            "compartment_id": "ocid1.tenancy.oc1..aaaaaaaate22jsouuzgaw65ucwvufcj3lzjxw4ithwcz3cxw6iom6ys2ldsq",
            "created_by": "ocid1.user.oc1..aaaaaaaaadh3p7atydr4ga3yvr3noohaar4f5h62d7stidvzkzgmilyt4enq",
            "defined_tags": {
              "Oracle-Tags.CreatedBy": "default/diegonmarcos@gmail.com",
              "Oracle-Tags.CreatedOn": "2026-03-23T23:43:25.585Z"
            },
            "etag": "16fea86c-fd1a-4812-b220-f517a8869347",
            "freeform_tags": {},
            "id": "n/axpmn3qtq4ig/b/cloud-backups-media",
            "is_read_only": false,
            "kms_key_id": null,
            "metadata": {},
            "name": "cloud-backups-media",
            "namespace": "axpmn3qtq4ig",
            "object_events_enabled": false,
            "object_lifecycle_policy_etag": null,
            "replication_enabled": false,
            "retention_rules": [],
            "storage_tier": "Archive",
            "time_created": "2026-03-23 23:43:25.594 +0000 UTC",
            "timeouts": null,
            "versioning": "Disabled"
          },
          "sensitive_attributes": [],
          "private": "eyJlMmJmYjczMC1lY2FhLTExZTYtOGY4OC0zNDM2M2JjN2M0YzAiOnsiY3JlYXRlIjoxMjAwMDAwMDAwMDAwLCJkZWxldGUiOjEyMDAwMDAwMDAwMDAsInVwZGF0ZSI6MTIwMDAwMDAwMDAwMH0sInNjaGVtYV92ZXJzaW9uIjoiMCJ9"
        },
        {
          "index_key": "cloud-backups-non-binaries",
          "schema_version": 0,
          "attributes": {
            "access_type": "NoPublicAccess",
            "approximate_count": "0",
            "approximate_size": "0",
            "auto_tiering": "Disabled",
            "bucket_id": "ocid1.bucket.oc1.eu-marseille-1.aaaaaaaa7o5kkd43tvgmvly5gsdtwmc4pqz3y72hcgbtrenthuwp3yimrkfa",
            "compartment_id": "ocid1.tenancy.oc1..aaaaaaaate22jsouuzgaw65ucwvufcj3lzjxw4ithwcz3cxw6iom6ys2ldsq",
            "created_by": "ocid1.user.oc1..aaaaaaaaadh3p7atydr4ga3yvr3noohaar4f5h62d7stidvzkzgmilyt4enq",
            "defined_tags": {
              "Oracle-Tags.CreatedBy": "default/diegonmarcos@gmail.com",
              "Oracle-Tags.CreatedOn": "2026-04-16T12:47:37.821Z"
            },
            "etag": "0c035d30-fc5d-41d7-b097-c4928569f18d",
            "freeform_tags": {},
            "id": "n/axpmn3qtq4ig/b/cloud-backups-non-binaries",
            "is_read_only": false,
            "kms_key_id": null,
            "metadata": {},
            "name": "cloud-backups-non-binaries",
            "namespace": "axpmn3qtq4ig",
            "object_events_enabled": false,
            "object_lifecycle_policy_etag": null,
            "replication_enabled": false,
            "retention_rules": [],
            "storage_tier": "Standard",
            "time_created": "2026-04-16 12:47:37.831 +0000 UTC",
            "timeouts": null,
            "versioning": "Disabled"
          },
          "sensitive_attributes": [],
          "private": "eyJlMmJmYjczMC1lY2FhLTExZTYtOGY4OC0zNDM2M2JjN2M0YzAiOnsiY3JlYXRlIjoxMjAwMDAwMDAwMDAwLCJkZWxldGUiOjEyMDAwMDAwMDAwMDAsInVwZGF0ZSI6MTIwMDAwMDAwMDAwMH0sInNjaGVtYV92ZXJzaW9uIjoiMCJ9"
        },
        {
          "index_key": "my-photos",
          "schema_version": 0,
          "attributes": {
            "access_type": "NoPublicAccess",
            "approximate_count": "51948",
            "approximate_size": "437855205561",
            "auto_tiering": "Disabled",
            "bucket_id": "ocid1.bucket.oc1.eu-marseille-1.aaaaaaaagncp4eh4plxfadvjiaazwoihrwpx6zhf3ktbljgyizhiz6z7xmca",
            "compartment_id": "ocid1.tenancy.oc1..aaaaaaaate22jsouuzgaw65ucwvufcj3lzjxw4ithwcz3cxw6iom6ys2ldsq",
            "created_by": "ocid1.user.oc1..aaaaaaaaadh3p7atydr4ga3yvr3noohaar4f5h62d7stidvzkzgmilyt4enq",
            "defined_tags": {
              "Oracle-Tags.CreatedBy": "default/diegonmarcos@gmail.com",
              "Oracle-Tags.CreatedOn": "2025-12-07T00:21:57.534Z"
            },
            "etag": "869ad3df-a10f-4a61-bc70-4137dde5c1a7",
            "freeform_tags": {},
            "id": "n/axpmn3qtq4ig/b/my-photos",
            "is_read_only": false,
            "kms_key_id": null,
            "metadata": {},
            "name": "my-photos",
            "namespace": "axpmn3qtq4ig",
            "object_events_enabled": false,
            "object_lifecycle_policy_etag": null,
            "replication_enabled": false,
            "retention_rules": [],
            "storage_tier": "Standard",
            "time_created": "2025-12-07 00:21:57.543 +0000 UTC",
            "timeouts": null,
            "versioning": "Disabled"
          },
          "sensitive_attributes": [],
          "private": "eyJlMmJmYjczMC1lY2FhLTExZTYtOGY4OC0zNDM2M2JjN2M0YzAiOnsiY3JlYXRlIjoxMjAwMDAwMDAwMDAwLCJkZWxldGUiOjEyMDAwMDAwMDAwMDAsInVwZGF0ZSI6MTIwMDAwMDAwMDAwMH0sInNjaGVtYV92ZXJzaW9uIjoiMCJ9"
        }
      ]
    }
  ],
  "check_results": null
}
