{
  "version": 4,
  "terraform_version": "1.8.3",
  "serial": 1,
  "lineage": "571daef1-7daf-e2ae-4907-4458f14c3c45",
  "outputs": {
    "instance_info": {
      "value": {
        "oci-A1-f_0": {
          "ip": "82.70.229.129",
          "ocid": "ocid1.instance.oc1.eu-marseille-1.anwxeljruadvczacj7dfxl7uifar574je7fzlvtdjp4ghljdwuwdemsdbiva",
          "role": "Apps Server (oci-apps)"
        },
        "oci-A1-f_1": {
          "ip": "144.24.196.72",
          "ocid": "ocid1.instance.oc1.eu-marseille-1.anwxeljruadvczach3pczd4kn6w5stdt7rs64u2uqexzor6lyneaebc2i2ra",
          "role": "Dev Server (oci-apps-1)"
        },
        "oci-A1-p_0": {
          "ip": "79.72.28.10",
          "ocid": "FILL_FROM_OCI_CONSOLE",
          "role": "Flex Server 2 (oci-apps-2)"
        },
        "oci-E2-f_0": {
          "ip": "130.110.251.193",
          "ocid": "ocid1.instance.oc1.eu-marseille-1.anwxeljruadvczacbwylmkqr253ay7binepapgsyopllfayovkzaky6oigbq",
          "role": "Mail Server (oci-mail)"
        },
        "oci-E2-f_1": {
          "ip": "129.151.228.66",
          "ocid": "ocid1.instance.oc1.eu-marseille-1.anwxeljruadvczacgwg5rkrjyomuxvjtvtuk5xrbmy7hmslwn4pse4kw5jkq",
          "role": "Analytics (oci-analytics)"
        }
      },
      "type": [
        "object",
        {
          "oci-A1-f_0": [
            "object",
            {
              "ip": "string",
              "ocid": "string",
              "role": "string"
            }
          ],
          "oci-A1-f_1": [
            "object",
            {
              "ip": "string",
              "ocid": "string",
              "role": "string"
            }
          ],
          "oci-A1-p_0": [
            "object",
            {
              "ip": "string",
              "ocid": "string",
              "role": "string"
            }
          ],
          "oci-E2-f_0": [
            "object",
            {
              "ip": "string",
              "ocid": "string",
              "role": "string"
            }
          ],
          "oci-E2-f_1": [
            "object",
            {
              "ip": "string",
              "ocid": "string",
              "role": "string"
            }
          ]
        }
      ]
    },
    "security_lists": {
      "value": {
        "analytics_server": null,
        "apps_server": null,
        "dev_server": null,
        "flex2_server": null,
        "mail_server": null
      },
      "type": [
        "object",
        {
          "analytics_server": "string",
          "apps_server": "string",
          "dev_server": "string",
          "flex2_server": "string",
          "mail_server": "string"
        }
      ]
    },
    "vcn_id": {
      "value": null,
      "type": "string"
    }
  },
  "resources": [
    {
      "mode": "managed",
      "type": "oci_email_sender",
      "name": "me",
      "provider": "provider[\"registry.terraform.io/oracle/oci\"]",
      "instances": [
        {
          "schema_version": 0,
          "attributes": {
            "compartment_id": "ocid1.tenancy.oc1..aaaaaaaate22jsouuzgaw65ucwvufcj3lzjxw4ithwcz3cxw6iom6ys2ldsq",
            "defined_tags": {
              "Oracle-Tags.CreatedBy": "default/diegonmarcos@gmail.com",
              "Oracle-Tags.CreatedOn": "2025-12-07T23:52:07.533Z"
            },
            "email_address": "me@diegonmarcos.com",
            "email_domain_id": null,
            "freeform_tags": {},
            "id": "ocid1.emailsender.oc1.eu-marseille-1.amaaaaaauadvczaaumrpqz622tzkrekelr2qgsspgazxdfmbi4dtmknjay2q",
            "is_spf": true,
            "state": "ACTIVE",
            "system_tags": {},
            "time_created": "2025-12-07 23:52:08.242 +0000 UTC",
            "timeouts": null
          },
          "sensitive_attributes": [],
          "private": "eyJlMmJmYjczMC1lY2FhLTExZTYtOGY4OC0zNDM2M2JjN2M0YzAiOnsiY3JlYXRlIjoxMjAwMDAwMDAwMDAwLCJkZWxldGUiOjEyMDAwMDAwMDAwMDAsInVwZGF0ZSI6MTIwMDAwMDAwMDAwMH0sInNjaGVtYV92ZXJzaW9uIjoiMCJ9"
        }
      ]
    }
  ],
  "check_results": null
}
